// !$*UTF8*$!
{
	archiveVersion = 1;
	classes = {
	};
	objectVersion = 46;
	objects = {

/* Begin PBXBuildFile section */
		F4017C511E770B75007DF6DC /* AppDelegate.swift in Sources */ = {isa = PBXBuildFile; fileRef = F4017C501E770B75007DF6DC /* AppDelegate.swift */; };
		F4017C531E770B75007DF6DC /* ViewController.swift in Sources */ = {isa = PBXBuildFile; fileRef = F4017C521E770B75007DF6DC /* ViewController.swift */; };
		F4017C561E770B75007DF6DC /* Main.storyboard in Resources */ = {isa = PBXBuildFile; fileRef = F4017C541E770B75007DF6DC /* Main.storyboard */; };
		F4017C581E770B75007DF6DC /* Assets.xcassets in Resources */ = {isa = PBXBuildFile; fileRef = F4017C571E770B75007DF6DC /* Assets.xcassets */; };
		F4017C5B1E770B75007DF6DC /* LaunchScreen.storyboard in Resources */ = {isa = PBXBuildFile; fileRef = F4017C591E770B75007DF6DC /* LaunchScreen.storyboard */; };
		F4017C661E770B75007DF6DC /* QuizTests.swift in Sources */ = {isa = PBXBuildFile; fileRef = F4017C651E770B75007DF6DC /* QuizTests.swift */; };
		F4017C711E770B76007DF6DC /* QuizUITests.swift in Sources */ = {isa = PBXBuildFile; fileRef = F4017C701E770B76007DF6DC /* QuizUITests.swift */; };
/* End PBXBuildFile section */

/* Begin PBXContainerItemProxy section */
		F4017C621E770B75007DF6DC /* PBXContainerItemProxy */ = {
			isa = PBXContainerItemProxy;
			containerPortal = F4017C451E770B75007DF6DC /* Project object */;
			proxyType = 1;
			remoteGlobalIDString = F4017C4C1E770B75007DF6DC;
			remoteInfo = Quiz;
		};
		F4017C6D1E770B76007DF6DC /* PBXContainerItemProxy */ = {
			isa = PBXContainerItemProxy;
			containerPortal = F4017C451E770B75007DF6DC /* Project object */;
			proxyType = 1;
			remoteGlobalIDString = F4017C4C1E770B75007DF6DC;
			remoteInfo = Quiz;
		};
/* End PBXContainerItemProxy section */

/* Begin PBXFileReference section */
		F4017C4D1E770B75007DF6DC /* Quiz.app */ = {isa = PBXFileReference; explicitFileType = wrapper.application; includeInIndex = 0; path = Quiz.app; sourceTree = BUILT_PRODUCTS_DIR; };
		F4017C501E770B75007DF6DC /* AppDelegate.swift */ = {isa = PBXFileReference; lastKnownFileType = sourcecode.swift; path = AppDelegate.swift; sourceTree = "<group>"; };
		F4017C521E770B75007DF6DC /* ViewController.swift */ = {isa = PBXFileReference; lastKnownFileType = sourcecode.swift; path = ViewController.swift; sourceTree = "<group>"; };
		F4017C551E770B75007DF6DC /* Base */ = {isa = PBXFileReference; lastKnownFileType = file.storyboard; name = Base; path = Base.lproj/Main.storyboard; sourceTree = "<group>"; };
		F4017C571E770B75007DF6DC /* Assets.xcassets */ = {isa = PBXFileReference; lastKnownFileType = folder.assetcatalog; path = Assets.xcassets; sourceTree = "<group>"; };
		F4017C5A1E770B75007DF6DC /* Base */ = {isa = PBXFileReference; lastKnownFileType = file.storyboard; name = Base; path = Base.lproj/LaunchScreen.storyboard; sourceTree = "<group>"; };
		F4017C5C1E770B75007DF6DC /* Info.plist */ = {isa = PBXFileReference; lastKnownFileType = text.plist.xml; path = Info.plist; sourceTree = "<group>"; };
		F4017C611E770B75007DF6DC /* QuizTests.xctest */ = {isa = PBXFileReference; explicitFileType = wrapper.cfbundle; includeInIndex = 0; path = QuizTests.xctest; sourceTree = BUILT_PRODUCTS_DIR; };
		F4017C651E770B75007DF6DC /* QuizTests.swift */ = {isa = PBXFileReference; lastKnownFileType = sourcecode.swift; path = QuizTests.swift; sourceTree = "<group>"; };
		F4017C671E770B75007DF6DC /* Info.plist */ = {isa = PBXFileReference; lastKnownFileType = text.plist.xml; path = Info.plist; sourceTree = "<group>"; };
		F4017C6C1E770B76007DF6DC /* QuizUITests.xctest */ = {isa = PBXFileReference; explicitFileType = wrapper.cfbundle; includeInIndex = 0; path = QuizUITests.xctest; sourceTree = BUILT_PRODUCTS_DIR; };
		F4017C701E770B76007DF6DC /* QuizUITests.swift */ = {isa = PBXFileReference; lastKnownFileType = sourcecode.swift; path = QuizUITests.swift; sourceTree = "<group>"; };
		F4017C721E770B76007DF6DC /* Info.plist */ = {isa = PBXFileReference; lastKnownFileType = text.plist.xml; path = Info.plist; sourceTree = "<group>"; };
/* End PBXFileReference section */

/* Begin PBXFrameworksBuildPhase section */
		F4017C4A1E770B75007DF6DC /* Frameworks */ = {
			isa = PBXFrameworksBuildPhase;
			buildActionMask = 2147483647;
			files = (
			);
			runOnlyForDeploymentPostprocessing = 0;
		};
		F4017C5E1E770B75007DF6DC /* Frameworks */ = {
			isa = PBXFrameworksBuildPhase;
			buildActionMask = 2147483647;
			files = (
			);
			runOnlyForDeploymentPostprocessing = 0;
		};
		F4017C691E770B76007DF6DC /* Frameworks */ = {
			isa = PBXFrameworksBuildPhase;
			buildActionMask = 2147483647;
			files = (
			);
			runOnlyForDeploymentPostprocessing = 0;
		};
/* End PBXFrameworksBuildPhase section */

/* Begin PBXGroup section */
		F4017C441E770B75007DF6DC = {
			isa = PBXGroup;
			children = (
				F4017C4F1E770B75007DF6DC /* Quiz */,
				F4017C641E770B75007DF6DC /* QuizTests */,
				F4017C6F1E770B76007DF6DC /* QuizUITests */,
				F4017C4E1E770B75007DF6DC /* Products */,
			);
			sourceTree = "<group>";
		};
		F4017C4E1E770B75007DF6DC /* Products */ = {
			isa = PBXGroup;
			children = (
				F4017C4D1E770B75007DF6DC /* Quiz.app */,
				F4017C611E770B75007DF6DC /* QuizTests.xctest */,
				F4017C6C1E770B76007DF6DC /* QuizUITests.xctest */,
			);
			name = Products;
			sourceTree = "<group>";
		};
		F4017C4F1E770B75007DF6DC /* Quiz */ = {
			isa = PBXGroup;
			children = (
				F4017C501E770B75007DF6DC /* AppDelegate.swift */,
				F4017C521E770B75007DF6DC /* ViewController.swift */,
				F4017C541E770B75007DF6DC /* Main.storyboard */,
				F4017C571E770B75007DF6DC /* Assets.xcassets */,
				F4017C591E770B75007DF6DC /* LaunchScreen.storyboard */,
				F4017C5C1E770B75007DF6DC /* Info.plist */,
			);
			path = Quiz;
			sourceTree = "<group>";
		};
		F4017C641E770B75007DF6DC /* QuizTests */ = {
			isa = PBXGroup;
			children = (
				F4017C651E770B75007DF6DC /* QuizTests.swift */,
				F4017C671E770B75007DF6DC /* Info.plist */,
			);
			path = QuizTests;
			sourceTree = "<group>";
		};
		F4017C6F1E770B76007DF6DC /* QuizUITests */ = {
			isa = PBXGroup;
			children = (
				F4017C701E770B76007DF6DC /* QuizUITests.swift */,
				F4017C721E770B76007DF6DC /* Info.plist */,
			);
			path = QuizUITests;
			sourceTree = "<group>";
		};
/* End PBXGroup section */

/* Begin PBXNativeTarget section */
		F4017C4C1E770B75007DF6DC /* Quiz */ = {
			isa = PBXNativeTarget;
			buildConfigurationList = F4017C751E770B76007DF6DC /* Build configuration list for PBXNativeTarget "Quiz" */;
			buildPhases = (
				F4017C491E770B75007DF6DC /* Sources */,
				F4017C4A1E770B75007DF6DC /* Frameworks */,
				F4017C4B1E770B75007DF6DC /* Resources */,
			);
			buildRules = (
			);
			dependencies = (
			);
			name = Quiz;
			productName = Quiz;
			productReference = F4017C4D1E770B75007DF6DC /* Quiz.app */;
			productType = "com.apple.product-type.application";
		};
		F4017C601E770B75007DF6DC /* QuizTests */ = {
			isa = PBXNativeTarget;
			buildConfigurationList = F4017C781E770B76007DF6DC /* Build configuration list for PBXNativeTarget "QuizTests" */;
			buildPhases = (
				F4017C5D1E770B75007DF6DC /* Sources */,
				F4017C5E1E770B75007DF6DC /* Frameworks */,
				F4017C5F1E770B75007DF6DC /* Resources */,
			);
			buildRules = (
			);
			dependencies = (
				F4017C631E770B75007DF6DC /* PBXTargetDependency */,
			);
			name = QuizTests;
			productName = QuizTests;
			productReference = F4017C611E770B75007DF6DC /* QuizTests.xctest */;
			productType = "com.apple.product-type.bundle.unit-test";
		};
		F4017C6B1E770B76007DF6DC /* QuizUITests */ = {
			isa = PBXNativeTarget;
			buildConfigurationList = F4017C7B1E770B76007DF6DC /* Build configuration list for PBXNativeTarget "QuizUITests" */;
			buildPhases = (
				F4017C681E770B76007DF6DC /* Sources */,
				F4017C691E770B76007DF6DC /* Frameworks */,
				F4017C6A1E770B76007DF6DC /* Resources */,
			);
			buildRules = (
			);
			dependencies = (
				F4017C6E1E770B76007DF6DC /* PBXTargetDependency */,
			);
			name = QuizUITests;
			productName = QuizUITests;
			productReference = F4017C6C1E770B76007DF6DC /* QuizUITests.xctest */;
			productType = "com.apple.product-type.bundle.ui-testing";
		};
/* End PBXNativeTarget section */

/* Begin PBXProject section */
		F4017C451E770B75007DF6DC /* Project object */ = {
			isa = PBXProject;
			attributes = {
				LastSwiftUpdateCheck = 0820;
				LastUpgradeCheck = 0820;
				ORGANIZATIONNAME = szimine;
				TargetAttributes = {
					F4017C4C1E770B75007DF6DC = {
						CreatedOnToolsVersion = 8.2.1;
						ProvisioningStyle = Automatic;
					};
					F4017C601E770B75007DF6DC = {
						CreatedOnToolsVersion = 8.2.1;
						ProvisioningStyle = Automatic;
						TestTargetID = F4017C4C1E770B75007DF6DC;
					};
					F4017C6B1E770B76007DF6DC = {
						CreatedOnToolsVersion = 8.2.1;
						ProvisioningStyle = Automatic;
						TestTargetID = F4017C4C1E770B75007DF6DC;
					};
				};
			};
			buildConfigurationList = F4017C481E770B75007DF6DC /* Build configuration list for PBXProject "Quiz" */;
			compatibilityVersion = "Xcode 3.2";
			developmentRegion = English;
			hasScannedForEncodings = 0;
			knownRegions = (
				en,
				Base,
			);
			mainGroup = F4017C441E770B75007DF6DC;
			productRefGroup = F4017C4E1E770B75007DF6DC /* Products */;
			projectDirPath = "";
			projectRoot = "";
			targets = (
				F4017C4C1E770B75007DF6DC /* Quiz */,
				F4017C601E770B75007DF6DC /* QuizTests */,
				F4017C6B1E770B76007DF6DC /* QuizUITests */,
			);
		};
/* End PBXProject section */

/* Begin PBXResourcesBuildPhase section */
		F4017C4B1E770B75007DF6DC /* Resources */ = {
			isa = PBXResourcesBuildPhase;
			buildActionMask = 2147483647;
			files = (
				F4017C5B1E770B75007DF6DC /* LaunchScreen.storyboard in Resources */,
				F4017C581E770B75007DF6DC /* Assets.xcassets in Resources */,
				F4017C561E770B75007DF6DC /* Main.storyboard in Resources */,
			);
			runOnlyForDeploymentPostprocessing = 0;
		};
		F4017C5F1E770B75007DF6DC /* Resources */ = {
			isa = PBXResourcesBuildPhase;
			buildActionMask = 2147483647;
			files = (
			);
			runOnlyForDeploymentPostprocessing = 0;
		};
		F4017C6A1E770B76007DF6DC /* Resources */ = {
			isa = PBXResourcesBuildPhase;
			buildActionMask = 2147483647;
			files = (
			);
			runOnlyForDeploymentPostprocessing = 0;
		};
/* End PBXResourcesBuildPhase section */

/* Begin PBXSourcesBuildPhase section */
		F4017C491E770B75007DF6DC /* Sources */ = {
			isa = PBXSourcesBuildPhase;
			buildActionMask = 2147483647;
			files = (
				F4017C531E770B75007DF6DC /* ViewController.swift in Sources */,
				F4017C511E770B75007DF6DC /* AppDelegate.swift in Sources */,
			);
			runOnlyForDeploymentPostprocessing = 0;
		};
		F4017C5D1E770B75007DF6DC /* Sources */ = {
			isa = PBXSourcesBuildPhase;
			buildActionMask = 2147483647;
			files = (
				F4017C661E770B75007DF6DC /* QuizTests.swift in Sources */,
			);
			runOnlyForDeploymentPostprocessing = 0;
		};
		F4017C681E770B76007DF6DC /* Sources */ = {
			isa = PBXSourcesBuildPhase;
			buildActionMask = 2147483647;
			files = (
				F4017C711E770B76007DF6DC /* QuizUITests.swift in Sources */,
			);
			runOnlyForDeploymentPostprocessing = 0;
		};
/* End PBXSourcesBuildPhase section */

/* Begin PBXTargetDependency section */
		F4017C631E770B75007DF6DC /* PBXTargetDependency */ = {
			isa = PBXTargetDependency;
			target = F4017C4C1E770B75007DF6DC /* Quiz */;
			targetProxy = F4017C621E770B75007DF6DC /* PBXContainerItemProxy */;
		};
		F4017C6E1E770B76007DF6DC /* PBXTargetDependency */ = {
			isa = PBXTargetDependency;
			target = F4017C4C1E770B75007DF6DC /* Quiz */;
			targetProxy = F4017C6D1E770B76007DF6DC /* PBXContainerItemProxy */;
		};
/* End PBXTargetDependency section */

/* Begin PBXVariantGroup section */
		F4017C541E770B75007DF6DC /* Main.storyboard */ = {
			isa = PBXVariantGroup;
			children = (
				F4017C551E770B75007DF6DC /* Base */,
			);
			name = Main.storyboard;
			sourceTree = "<group>";
		};
		F4017C591E770B75007DF6DC /* LaunchScreen.storyboard */ = {
			isa = PBXVariantGroup;
			children = (
				F4017C5A1E770B75007DF6DC /* Base */,
			);
			name = LaunchScreen.storyboard;
			sourceTree = "<group>";
		};
/* End PBXVariantGroup section */

/* Begin XCBuildConfiguration section */
		F4017C731E770B76007DF6DC /* Debug */ = {
			isa = XCBuildConfiguration;
			buildSettings = {
				ALWAYS_SEARCH_USER_PATHS = NO;
				CLANG_ANALYZER_NONNULL = YES;
				CLANG_CXX_LANGUAGE_STANDARD = "gnu++0x";
				CLANG_CXX_LIBRARY = "libc++";
				CLANG_ENABLE_MODULES = YES;
				CLANG_ENABLE_OBJC_ARC = YES;
				CLANG_WARN_BOOL_CONVERSION = YES;
				CLANG_WARN_CONSTANT_CONVERSION = YES;
				CLANG_WARN_DIRECT_OBJC_ISA_USAGE = YES_ERROR;
				CLANG_WARN_DOCUMENTATION_COMMENTS = YES;
				CLANG_WARN_EMPTY_BODY = YES;
				CLANG_WARN_ENUM_CONVERSION = YES;
				CLANG_WARN_INFINITE_RECURSION = YES;
				CLANG_WARN_INT_CONVERSION = YES;
				CLANG_WARN_OBJC_ROOT_CLASS = YES_ERROR;
				CLANG_WARN_SUSPICIOUS_MOVE = YES;
				CLANG_WARN_UNREACHABLE_CODE = YES;
				CLANG_WARN__DUPLICATE_METHOD_MATCH = YES;
				"CODE_SIGN_IDENTITY[sdk=iphoneos*]" = "iPhone Developer";
				COPY_PHASE_STRIP = NO;
				DEBUG_INFORMATION_FORMAT = dwarf;
				ENABLE_STRICT_OBJC_MSGSEND = YES;
				ENABLE_TESTABILITY = YES;
				GCC_C_LANGUAGE_STANDARD = gnu99;
				GCC_DYNAMIC_NO_PIC = NO;
				GCC_NO_COMMON_BLOCKS = YES;
				GCC_OPTIMIZATION_LEVEL = 0;
				GCC_PREPROCESSOR_DEFINITIONS = (
					"DEBUG=1",
					"$(inherited)",
				);
				GCC_WARN_64_TO_32_BIT_CONVERSION = YES;
				GCC_WARN_ABOUT_RETURN_TYPE = YES_ERROR;
				GCC_WARN_UNDECLARED_SELECTOR = YES;
				GCC_WARN_UNINITIALIZED_AUTOS = YES_AGGRESSIVE;
				GCC_WARN_UNUSED_FUNCTION = YES;
				GCC_WARN_UNUSED_VARIABLE = YES;
				IPHONEOS_DEPLOYMENT_TARGET = 10.2;
				MTL_ENABLE_DEBUG_INFO = YES;
				ONLY_ACTIVE_ARCH = YES;
				SDKROOT = iphoneos;
				SWIFT_ACTIVE_COMPILATION_CONDITIONS = DEBUG;
				SWIFT_OPTIMIZATION_LEVEL = "-Onone";
				TARGETED_DEVICE_FAMILY = "1,2";
			};
			name = Debug;
		};
		F4017C741E770B76007DF6DC /* Release */ = {
			isa = XCBuildConfiguration;
			buildSettings = {
				ALWAYS_SEARCH_USER_PATHS = NO;
				CLANG_ANALYZER_NONNULL = YES;
				CLANG_CXX_LANGUAGE_STANDARD = "gnu++0x";
				CLANG_CXX_LIBRARY = "libc++";
				CLANG_ENABLE_MODULES = YES;
				CLANG_ENABLE_OBJC_ARC = YES;
				CLANG_WARN_BOOL_CONVERSION = YES;
				CLANG_WARN_CONSTANT_CONVERSION = YES;
				CLANG_WARN_DIRECT_OBJC_ISA_USAGE = YES_ERROR;
				CLANG_WARN_DOCUMENTATION_COMMENTS = YES;
				CLANG_WARN_EMPTY_BODY = YES;
				CLANG_WARN_ENUM_CONVERSION = YES;
				CLANG_WARN_INFINITE_RECURSION = YES;
				CLANG_WARN_INT_CONVERSION = YES;
				CLANG_WARN_OBJC_ROOT_CLASS = YES_ERROR;
				CLANG_WARN_SUSPICIOUS_MOVE = YES;
				CLANG_WARN_UNREACHABLE_CODE = YES;
				CLANG_WARN__DUPLICATE_METHOD_MATCH = YES;
				"CODE_SIGN_IDENTITY[sdk=iphoneos*]" = "iPhone Developer";
				COPY_PHASE_STRIP = NO;
				DEBUG_INFORMATION_FORMAT = "dwarf-with-dsym";
				ENABLE_NS_ASSERTIONS = NO;
				ENABLE_STRICT_OBJC_MSGSEND = YES;
				GCC_C_LANGUAGE_STANDARD = gnu99;
				GCC_NO_COMMON_BLOCKS = YES;
				GCC_WARN_64_TO_32_BIT_CONVERSION = YES;
				GCC_WARN_ABOUT_RETURN_TYPE = YES_ERROR;
				GCC_WARN_UNDECLARED_SELECTOR = YES;
				GCC_WARN_UNINITIALIZED_AUTOS = YES_AGGRESSIVE;
				GCC_WARN_UNUSED_FUNCTION = YES;
				GCC_WARN_UNUSED_VARIABLE = YES;
				IPHONEOS_DEPLOYMENT_TARGET = 10.2;
				MTL_ENABLE_DEBUG_INFO = NO;
				SDKROOT = iphoneos;
				SWIFT_OPTIMIZATION_LEVEL = "-Owholemodule";
				TARGETED_DEVICE_FAMILY = "1,2";
				VALIDATE_PRODUCT = YES;
			};
			name = Release;
		};
		F4017C761E770B76007DF6DC /* Debug */ = {
			isa = XCBuildConfiguration;
			buildSettings = {
				ASSETCATALOG_COMPILER_APPICON_NAME = AppIcon;
				INFOPLIST_FILE = Quiz/Info.plist;
				LD_RUNPATH_SEARCH_PATHS = "$(inherited) @executable_path/Frameworks";
				PRODUCT_BUNDLE_IDENTIFIER = org.szi.Quiz;
				PRODUCT_NAME = "$(TARGET_NAME)";
				SWIFT_VERSION = 3.0;
			};
			name = Debug;
		};
		F4017C771E770B76007DF6DC /* Release */ = {
			isa = XCBuildConfiguration;
			buildSettings = {
				ASSETCATALOG_COMPILER_APPICON_NAME = AppIcon;
				INFOPLIST_FILE = Quiz/Info.plist;
				LD_RUNPATH_SEARCH_PATHS = "$(inherited) @executable_path/Frameworks";
				PRODUCT_BUNDLE_IDENTIFIER = org.szi.Quiz;
				PRODUCT_NAME = "$(TARGET_NAME)";
				SWIFT_VERSION = 3.0;
			};
			name = Release;
		};
		F4017C791E770B76007DF6DC /* Debug */ = {
			isa = XCBuildConfiguration;
			buildSettings = {
				ALWAYS_EMBED_SWIFT_STANDARD_LIBRARIES = YES;
				BUNDLE_LOADER = "$(TEST_HOST)";
				INFOPLIST_FILE = QuizTests/Info.plist;
				LD_RUNPATH_SEARCH_PATHS = "$(inherited) @executable_path/Frameworks @loader_path/Frameworks";
				PRODUCT_BUNDLE_IDENTIFIER = org.szi.QuizTests;
				PRODUCT_NAME = "$(TARGET_NAME)";
				SWIFT_VERSION = 3.0;
				TEST_HOST = "$(BUILT_PRODUCTS_DIR)/Quiz.app/Quiz";
			};
			name = Debug;
		};
		F4017C7A1E770B76007DF6DC /* Release */ = {
			isa = XCBuildConfiguration;
			buildSettings = {
				ALWAYS_EMBED_SWIFT_STANDARD_LIBRARIES = YES;
				BUNDLE_LOADER = "$(TEST_HOST)";
				INFOPLIST_FILE = QuizTests/Info.plist;
				LD_RUNPATH_SEARCH_PATHS = "$(inherited) @executable_path/Frameworks @loader_path/Frameworks";
				PRODUCT_BUNDLE_IDENTIFIER = org.szi.QuizTests;
				PRODUCT_NAME = "$(TARGET_NAME)";
				SWIFT_VERSION = 3.0;
				TEST_HOST = "$(BUILT_PRODUCTS_DIR)/Quiz.app/Quiz";
			};
			name = Release;
		};
		F4017C7C1E770B76007DF6DC /* Debug */ = {
			isa = XCBuildConfiguration;
			buildSettings = {
				ALWAYS_EMBED_SWIFT_STANDARD_LIBRARIES = YES;
				INFOPLIST_FILE = QuizUITests/Info.plist;
				LD_RUNPATH_SEARCH_PATHS = "$(inherited) @executable_path/Frameworks @loader_path/Frameworks";
				PRODUCT_BUNDLE_IDENTIFIER = org.szi.QuizUITests;
				PRODUCT_NAME = "$(TARGET_NAME)";
				SWIFT_VERSION = 3.0;
				TEST_TARGET_NAME = Quiz;
			};
			name = Debug;
		};
		F4017C7D1E770B76007DF6DC /* Release */ = {
			isa = XCBuildConfiguration;
			buildSettings = {
				ALWAYS_EMBED_SWIFT_STANDARD_LIBRARIES = YES;
				INFOPLIST_FILE = QuizUITests/Info.plist;
				LD_RUNPATH_SEARCH_PATHS = "$(inherited) @executable_path/Frameworks @loader_path/Frameworks";
				PRODUCT_BUNDLE_IDENTIFIER = org.szi.QuizUITests;
				PRODUCT_NAME = "$(TARGET_NAME)";
				SWIFT_VERSION = 3.0;
				TEST_TARGET_NAME = Quiz;
			};
			name = Release;
		};
/* End XCBuildConfiguration section */

/* Begin XCConfigurationList section */
		F4017C481E770B75007DF6DC /* Build configuration list for PBXProject "Quiz" */ = {
			isa = XCConfigurationList;
			buildConfigurations = (
				F4017C731E770B76007DF6DC /* Debug */,
				F4017C741E770B76007DF6DC /* Release */,
			);
			defaultConfigurationIsVisible = 0;
			defaultConfigurationName = Release;
		};
		F4017C751E770B76007DF6DC /* Build configuration list for PBXNativeTarget "Quiz" */ = {
			isa = XCConfigurationList;
			buildConfigurations = (
				F4017C761E770B76007DF6DC /* Debug */,
				F4017C771E770B76007DF6DC /* Release */,
			);
			defaultConfigurationIsVisible = 0;
		};
		F4017C781E770B76007DF6DC /* Build configuration list for PBXNativeTarget "QuizTests" */ = {
			isa = XCConfigurationList;
			buildConfigurations = (
				F4017C791E770B76007DF6DC /* Debug */,
				F4017C7A1E770B76007DF6DC /* Release */,
			);
			defaultConfigurationIsVisible = 0;
		};
		F4017C7B1E770B76007DF6DC /* Build configuration list for PBXNativeTarget "QuizUITests" */ = {
			isa = XCConfigurationList;
			buildConfigurations = (
				F4017C7C1E770B76007DF6DC /* Debug */,
				F4017C7D1E770B76007DF6DC /* Release */,
			);
			defaultConfigurationIsVisible = 0;
		};
/* End XCConfigurationList section */
	};
	rootObject = F4017C451E770B75007DF6DC /* Project object */;
}
