// !$*UTF8*$!
{
	archiveVersion = 1;
	classes = {
	};
	objectVersion = 48;
	objects = {

/* Begin PBXBuildFile section */
		F404B0951F78F68800AD11A9 /* UDownloader.framework in Frameworks */ = {isa = PBXBuildFile; fileRef = F404B08B1F78F68800AD11A9 /* UDownloader.framework */; };
		F404B09A1F78F68800AD11A9 /* UDownloaderTests.swift in Sources */ = {isa = PBXBuildFile; fileRef = F404B0991F78F68800AD11A9 /* UDownloaderTests.swift */; };
		F404B09C1F78F68800AD11A9 /* UDownloader.h in Headers */ = {isa = PBXBuildFile; fileRef = F404B08E1F78F68800AD11A9 /* UDownloader.h */; settings = {ATTRIBUTES = (Public, ); }; };
		F404B0A61F78F71900AD11A9 /* Downloader.swift in Sources */ = {isa = PBXBuildFile; fileRef = F404B0A51F78F71900AD11A9 /* Downloader.swift */; };
/* End PBXBuildFile section */

/* Begin PBXContainerItemProxy section */
		F404B0961F78F68800AD11A9 /* PBXContainerItemProxy */ = {
			isa = PBXContainerItemProxy;
			containerPortal = F404B0821F78F68800AD11A9 /* Project object */;
			proxyType = 1;
			remoteGlobalIDString = F404B08A1F78F68800AD11A9;
			remoteInfo = UDownloader;
		};
/* End PBXContainerItemProxy section */

/* Begin PBXFileReference section */
		F404B08B1F78F68800AD11A9 /* UDownloader.framework */ = {isa = PBXFileReference; explicitFileType = wrapper.framework; includeInIndex = 0; path = UDownloader.framework; sourceTree = BUILT_PRODUCTS_DIR; };
		F404B08E1F78F68800AD11A9 /* UDownloader.h */ = {isa = PBXFileReference; lastKnownFileType = sourcecode.c.h; path = UDownloader.h; sourceTree = "<group>"; };
		F404B08F1F78F68800AD11A9 /* Info.plist */ = {isa = PBXFileReference; lastKnownFileType = text.plist.xml; path = Info.plist; sourceTree = "<group>"; };
		F404B0941F78F68800AD11A9 /* UDownloaderTests.xctest */ = {isa = PBXFileReference; explicitFileType = wrapper.cfbundle; includeInIndex = 0; path = UDownloaderTests.xctest; sourceTree = BUILT_PRODUCTS_DIR; };
		F404B0991F78F68800AD11A9 /* UDownloaderTests.swift */ = {isa = PBXFileReference; lastKnownFileType = sourcecode.swift; path = UDownloaderTests.swift; sourceTree = "<group>"; };
		F404B09B1F78F68800AD11A9 /* Info.plist */ = {isa = PBXFileReference; lastKnownFileType = text.plist.xml; path = Info.plist; sourceTree = "<group>"; };
		F404B0A51F78F71900AD11A9 /* Downloader.swift */ = {isa = PBXFileReference; lastKnownFileType = sourcecode.swift; path = Downloader.swift; sourceTree = "<group>"; };
/* End PBXFileReference section */

/* Begin PBXFrameworksBuildPhase section */
		F404B0871F78F68800AD11A9 /* Frameworks */ = {
			isa = PBXFrameworksBuildPhase;
			buildActionMask = 2147483647;
			files = (
			);
			runOnlyForDeploymentPostprocessing = 0;
		};
		F404B0911F78F68800AD11A9 /* Frameworks */ = {
			isa = PBXFrameworksBuildPhase;
			buildActionMask = 2147483647;
			files = (
				F404B0951F78F68800AD11A9 /* UDownloader.framework in Frameworks */,
			);
			runOnlyForDeploymentPostprocessing = 0;
		};
/* End PBXFrameworksBuildPhase section */

/* Begin PBXGroup section */
		F404B0811F78F68800AD11A9 = {
			isa = PBXGroup;
			children = (
				F404B08D1F78F68800AD11A9 /* UDownloader */,
				F404B0981F78F68800AD11A9 /* UDownloaderTests */,
				F404B08C1F78F68800AD11A9 /* Products */,
			);
			sourceTree = "<group>";
		};
		F404B08C1F78F68800AD11A9 /* Products */ = {
			isa = PBXGroup;
			children = (
				F404B08B1F78F68800AD11A9 /* UDownloader.framework */,
				F404B0941F78F68800AD11A9 /* UDownloaderTests.xctest */,
			);
			name = Products;
			sourceTree = "<group>";
		};
		F404B08D1F78F68800AD11A9 /* UDownloader */ = {
			isa = PBXGroup;
			children = (
				F404B08E1F78F68800AD11A9 /* UDownloader.h */,
				F404B08F1F78F68800AD11A9 /* Info.plist */,
				F404B0A51F78F71900AD11A9 /* Downloader.swift */,
			);
			path = UDownloader;
			sourceTree = "<group>";
		};
		F404B0981F78F68800AD11A9 /* UDownloaderTests */ = {
			isa = PBXGroup;
			children = (
				F404B0991F78F68800AD11A9 /* UDownloaderTests.swift */,
				F404B09B1F78F68800AD11A9 /* Info.plist */,
			);
			path = UDownloaderTests;
			sourceTree = "<group>";
		};
/* End PBXGroup section */

/* Begin PBXHeadersBuildPhase section */
		F404B0881F78F68800AD11A9 /* Headers */ = {
			isa = PBXHeadersBuildPhase;
			buildActionMask = 2147483647;
			files = (
				F404B09C1F78F68800AD11A9 /* UDownloader.h in Headers */,
			);
			runOnlyForDeploymentPostprocessing = 0;
		};
/* End PBXHeadersBuildPhase section */

/* Begin PBXNativeTarget section */
		F404B08A1F78F68800AD11A9 /* UDownloader */ = {
			isa = PBXNativeTarget;
			buildConfigurationList = F404B09F1F78F68800AD11A9 /* Build configuration list for PBXNativeTarget "UDownloader" */;
			buildPhases = (
				F404B0861F78F68800AD11A9 /* Sources */,
				F404B0871F78F68800AD11A9 /* Frameworks */,
				F404B0881F78F68800AD11A9 /* Headers */,
				F404B0891F78F68800AD11A9 /* Resources */,
			);
			buildRules = (
			);
			dependencies = (
			);
			name = UDownloader;
			productName = UDownloader;
			productReference = F404B08B1F78F68800AD11A9 /* UDownloader.framework */;
			productType = "com.apple.product-type.framework";
		};
		F404B0931F78F68800AD11A9 /* UDownloaderTests */ = {
			isa = PBXNativeTarget;
			buildConfigurationList = F404B0A21F78F68800AD11A9 /* Build configuration list for PBXNativeTarget "UDownloaderTests" */;
			buildPhases = (
				F404B0901F78F68800AD11A9 /* Sources */,
				F404B0911F78F68800AD11A9 /* Frameworks */,
				F404B0921F78F68800AD11A9 /* Resources */,
			);
			buildRules = (
			);
			dependencies = (
				F404B0971F78F68800AD11A9 /* PBXTargetDependency */,
			);
			name = UDownloaderTests;
			productName = UDownloaderTests;
			productReference = F404B0941F78F68800AD11A9 /* UDownloaderTests.xctest */;
			productType = "com.apple.product-type.bundle.unit-test";
		};
/* End PBXNativeTarget section */

/* Begin PBXProject section */
		F404B0821F78F68800AD11A9 /* Project object */ = {
			isa = PBXProject;
			attributes = {
				LastSwiftUpdateCheck = 0900;
				LastUpgradeCheck = 0900;
				ORGANIZATIONNAME = sviatoslav.zimin;
				TargetAttributes = {
					F404B08A1F78F68800AD11A9 = {
						CreatedOnToolsVersion = 9.0;
						LastSwiftMigration = 0900;
						ProvisioningStyle = Automatic;
					};
					F404B0931F78F68800AD11A9 = {
						CreatedOnToolsVersion = 9.0;
						ProvisioningStyle = Automatic;
					};
				};
			};
			buildConfigurationList = F404B0851F78F68800AD11A9 /* Build configuration list for PBXProject "UDownloader" */;
			compatibilityVersion = "Xcode 8.0";
			developmentRegion = en;
			hasScannedForEncodings = 0;
			knownRegions = (
				en,
			);
			mainGroup = F404B0811F78F68800AD11A9;
			productRefGroup = F404B08C1F78F68800AD11A9 /* Products */;
			projectDirPath = "";
			projectRoot = "";
			targets = (
				F404B08A1F78F68800AD11A9 /* UDownloader */,
				F404B0931F78F68800AD11A9 /* UDownloaderTests */,
			);
		};
/* End PBXProject section */

/* Begin PBXResourcesBuildPhase section */
		F404B0891F78F68800AD11A9 /* Resources */ = {
			isa = PBXResourcesBuildPhase;
			buildActionMask = 2147483647;
			files = (
			);
			runOnlyForDeploymentPostprocessing = 0;
		};
		F404B0921F78F68800AD11A9 /* Resources */ = {
			isa = PBXResourcesBuildPhase;
			buildActionMask = 2147483647;
			files = (
			);
			runOnlyForDeploymentPostprocessing = 0;
		};
/* End PBXResourcesBuildPhase section */

/* Begin PBXSourcesBuildPhase section */
		F404B0861F78F68800AD11A9 /* Sources */ = {
			isa = PBXSourcesBuildPhase;
			buildActionMask = 2147483647;
			files = (
				F404B0A61F78F71900AD11A9 /* Downloader.swift in Sources */,
			);
			runOnlyForDeploymentPostprocessing = 0;
		};
		F404B0901F78F68800AD11A9 /* Sources */ = {
			isa = PBXSourcesBuildPhase;
			buildActionMask = 2147483647;
			files = (
				F404B09A1F78F68800AD11A9 /* UDownloaderTests.swift in Sources */,
			);
			runOnlyForDeploymentPostprocessing = 0;
		};
/* End PBXSourcesBuildPhase section */

/* Begin PBXTargetDependency section */
		F404B0971F78F68800AD11A9 /* PBXTargetDependency */ = {
			isa = PBXTargetDependency;
			target = F404B08A1F78F68800AD11A9 /* UDownloader */;
			targetProxy = F404B0961F78F68800AD11A9 /* PBXContainerItemProxy */;
		};
/* End PBXTargetDependency section */

/* Begin XCBuildConfiguration section */
		F404B09D1F78F68800AD11A9 /* Debug */ = {
			isa = XCBuildConfiguration;
			buildSettings = {
				ALWAYS_SEARCH_USER_PATHS = NO;
				CLANG_ANALYZER_NONNULL = YES;
				CLANG_ANALYZER_NUMBER_OBJECT_CONVERSION = YES_AGGRESSIVE;
				CLANG_CXX_LANGUAGE_STANDARD = "gnu++14";
				CLANG_CXX_LIBRARY = "libc++";
				CLANG_ENABLE_MODULES = YES;
				CLANG_ENABLE_OBJC_ARC = YES;
				CLANG_WARN_BLOCK_CAPTURE_AUTORELEASING = YES;
				CLANG_WARN_BOOL_CONVERSION = YES;
				CLANG_WARN_COMMA = YES;
				CLANG_WARN_CONSTANT_CONVERSION = YES;
				CLANG_WARN_DIRECT_OBJC_ISA_USAGE = YES_ERROR;
				CLANG_WARN_DOCUMENTATION_COMMENTS = YES;
				CLANG_WARN_EMPTY_BODY = YES;
				CLANG_WARN_ENUM_CONVERSION = YES;
				CLANG_WARN_INFINITE_RECURSION = YES;
				CLANG_WARN_INT_CONVERSION = YES;
				CLANG_WARN_NON_LITERAL_NULL_CONVERSION = YES;
				CLANG_WARN_OBJC_LITERAL_CONVERSION = YES;
				CLANG_WARN_OBJC_ROOT_CLASS = YES_ERROR;
				CLANG_WARN_RANGE_LOOP_ANALYSIS = YES;
				CLANG_WARN_STRICT_PROTOTYPES = YES;
				CLANG_WARN_SUSPICIOUS_MOVE = YES;
				CLANG_WARN_UNGUARDED_AVAILABILITY = YES_AGGRESSIVE;
				CLANG_WARN_UNREACHABLE_CODE = YES;
				CLANG_WARN__DUPLICATE_METHOD_MATCH = YES;
				CODE_SIGN_IDENTITY = "iPhone Developer";
				COPY_PHASE_STRIP = NO;
				CURRENT_PROJECT_VERSION = 1;
				DEBUG_INFORMATION_FORMAT = dwarf;
				ENABLE_STRICT_OBJC_MSGSEND = YES;
				ENABLE_TESTABILITY = YES;
				GCC_C_LANGUAGE_STANDARD = gnu11;
				GCC_DYNAMIC_NO_PIC = NO;
				GCC_NO_COMMON_BLOCKS = YES;
				GCC_OPTIMIZATION_LEVEL = 0;
				GCC_PREPROCESSOR_DEFINITIONS = (
					"DEBUG=1",
					"$(inherited)",
				);
				GCC_WARN_64_TO_32_BIT_CONVERSION = YES;
				GCC_WARN_ABOUT_RETURN_TYPE = YES_ERROR;
				GCC_WARN_UNDECLARED_SELECTOR = YES;
				GCC_WARN_UNINITIALIZED_AUTOS = YES_AGGRESSIVE;
				GCC_WARN_UNUSED_FUNCTION = YES;
				GCC_WARN_UNUSED_VARIABLE = YES;
				IPHONEOS_DEPLOYMENT_TARGET = 11.0;
				MTL_ENABLE_DEBUG_INFO = YES;
				ONLY_ACTIVE_ARCH = YES;
				SDKROOT = iphoneos;
				SWIFT_ACTIVE_COMPILATION_CONDITIONS = DEBUG;
				SWIFT_OPTIMIZATION_LEVEL = "-Onone";
				VERSIONING_SYSTEM = "apple-generic";
				VERSION_INFO_PREFIX = "";
			};
			name = Debug;
		};
		F404B09E1F78F68800AD11A9 /* Release */ = {
			isa = XCBuildConfiguration;
			buildSettings = {
				ALWAYS_SEARCH_USER_PATHS = NO;
				CLANG_ANALYZER_NONNULL = YES;
				CLANG_ANALYZER_NUMBER_OBJECT_CONVERSION = YES_AGGRESSIVE;
				CLANG_CXX_LANGUAGE_STANDARD = "gnu++14";
				CLANG_CXX_LIBRARY = "libc++";
				CLANG_ENABLE_MODULES = YES;
				CLANG_ENABLE_OBJC_ARC = YES;
				CLANG_WARN_BLOCK_CAPTURE_AUTORELEASING = YES;
				CLANG_WARN_BOOL_CONVERSION = YES;
				CLANG_WARN_COMMA = YES;
				CLANG_WARN_CONSTANT_CONVERSION = YES;
				CLANG_WARN_DIRECT_OBJC_ISA_USAGE = YES_ERROR;
				CLANG_WARN_DOCUMENTATION_COMMENTS = YES;
				CLANG_WARN_EMPTY_BODY = YES;
				CLANG_WARN_ENUM_CONVERSION = YES;
				CLANG_WARN_INFINITE_RECURSION = YES;
				CLANG_WARN_INT_CONVERSION = YES;
				CLANG_WARN_NON_LITERAL_NULL_CONVERSION = YES;
				CLANG_WARN_OBJC_LITERAL_CONVERSION = YES;
				CLANG_WARN_OBJC_ROOT_CLASS = YES_ERROR;
				CLANG_WARN_RANGE_LOOP_ANALYSIS = YES;
				CLANG_WARN_STRICT_PROTOTYPES = YES;
				CLANG_WARN_SUSPICIOUS_MOVE = YES;
				CLANG_WARN_UNGUARDED_AVAILABILITY = YES_AGGRESSIVE;
				CLANG_WARN_UNREACHABLE_CODE = YES;
				CLANG_WARN__DUPLICATE_METHOD_MATCH = YES;
				CODE_SIGN_IDENTITY = "iPhone Developer";
				COPY_PHASE_STRIP = NO;
				CURRENT_PROJECT_VERSION = 1;
				DEBUG_INFORMATION_FORMAT = "dwarf-with-dsym";
				ENABLE_NS_ASSERTIONS = NO;
				ENABLE_STRICT_OBJC_MSGSEND = YES;
				GCC_C_LANGUAGE_STANDARD = gnu11;
				GCC_NO_COMMON_BLOCKS = YES;
				GCC_WARN_64_TO_32_BIT_CONVERSION = YES;
				GCC_WARN_ABOUT_RETURN_TYPE = YES_ERROR;
				GCC_WARN_UNDECLARED_SELECTOR = YES;
				GCC_WARN_UNINITIALIZED_AUTOS = YES_AGGRESSIVE;
				GCC_WARN_UNUSED_FUNCTION = YES;
				GCC_WARN_UNUSED_VARIABLE = YES;
				IPHONEOS_DEPLOYMENT_TARGET = 11.0;
				MTL_ENABLE_DEBUG_INFO = NO;
				SDKROOT = iphoneos;
				SWIFT_OPTIMIZATION_LEVEL = "-Owholemodule";
				VALIDATE_PRODUCT = YES;
				VERSIONING_SYSTEM = "apple-generic";
				VERSION_INFO_PREFIX = "";
			};
			name = Release;
		};
		F404B0A01F78F68800AD11A9 /* Debug */ = {
			isa = XCBuildConfiguration;
			buildSettings = {
				CLANG_ENABLE_MODULES = YES;
				CODE_SIGN_IDENTITY = "";
				CODE_SIGN_STYLE = Automatic;
				DEFINES_MODULE = YES;
				DEVELOPMENT_TEAM = G2264DLSAY;
				DYLIB_COMPATIBILITY_VERSION = 1;
				DYLIB_CURRENT_VERSION = 1;
				DYLIB_INSTALL_NAME_BASE = "@rpath";
				INFOPLIST_FILE = UDownloader/Info.plist;
				INSTALL_PATH = "$(LOCAL_LIBRARY_DIR)/Frameworks";
				LD_RUNPATH_SEARCH_PATHS = "$(inherited) @executable_path/Frameworks @loader_path/Frameworks";
				PRODUCT_BUNDLE_IDENTIFIER = org.szi.UDownloader;
				PRODUCT_NAME = "$(TARGET_NAME:c99extidentifier)";
				SKIP_INSTALL = YES;
				SWIFT_OPTIMIZATION_LEVEL = "-Onone";
				SWIFT_VERSION = 3.2;
				TARGETED_DEVICE_FAMILY = "1,2";
			};
			name = Debug;
		};
		F404B0A11F78F68800AD11A9 /* Release */ = {
			isa = XCBuildConfiguration;
			buildSettings = {
				CLANG_ENABLE_MODULES = YES;
				CODE_SIGN_IDENTITY = "";
				CODE_SIGN_STYLE = Automatic;
				DEFINES_MODULE = YES;
				DEVELOPMENT_TEAM = G2264DLSAY;
				DYLIB_COMPATIBILITY_VERSION = 1;
				DYLIB_CURRENT_VERSION = 1;
				DYLIB_INSTALL_NAME_BASE = "@rpath";
				INFOPLIST_FILE = UDownloader/Info.plist;
				INSTALL_PATH = "$(LOCAL_LIBRARY_DIR)/Frameworks";
				LD_RUNPATH_SEARCH_PATHS = "$(inherited) @executable_path/Frameworks @loader_path/Frameworks";
				PRODUCT_BUNDLE_IDENTIFIER = org.szi.UDownloader;
				PRODUCT_NAME = "$(TARGET_NAME:c99extidentifier)";
				SKIP_INSTALL = YES;
				SWIFT_VERSION = 3.2;
				TARGETED_DEVICE_FAMILY = "1,2";
			};
			name = Release;
		};
		F404B0A31F78F68800AD11A9 /* Debug */ = {
			isa = XCBuildConfiguration;
			buildSettings = {
				ALWAYS_EMBED_SWIFT_STANDARD_LIBRARIES = YES;
				CODE_SIGN_STYLE = Automatic;
				DEVELOPMENT_TEAM = G2264DLSAY;
				INFOPLIST_FILE = UDownloaderTests/Info.plist;
				LD_RUNPATH_SEARCH_PATHS = "$(inherited) @executable_path/Frameworks @loader_path/Frameworks";
				PRODUCT_BUNDLE_IDENTIFIER = org.szi.UDownloaderTests;
				PRODUCT_NAME = "$(TARGET_NAME)";
				SWIFT_VERSION = 4.0;
				TARGETED_DEVICE_FAMILY = "1,2";
			};
			name = Debug;
		};
		F404B0A41F78F68800AD11A9 /* Release */ = {
			isa = XCBuildConfiguration;
			buildSettings = {
				ALWAYS_EMBED_SWIFT_STANDARD_LIBRARIES = YES;
				CODE_SIGN_STYLE = Automatic;
				DEVELOPMENT_TEAM = G2264DLSAY;
				INFOPLIST_FILE = UDownloaderTests/Info.plist;
				LD_RUNPATH_SEARCH_PATHS = "$(inherited) @executable_path/Frameworks @loader_path/Frameworks";
				PRODUCT_BUNDLE_IDENTIFIER = org.szi.UDownloaderTests;
				PRODUCT_NAME = "$(TARGET_NAME)";
				SWIFT_VERSION = 4.0;
				TARGETED_DEVICE_FAMILY = "1,2";
			};
			name = Release;
		};
/* End XCBuildConfiguration section */

/* Begin XCConfigurationList section */
		F404B0851F78F68800AD11A9 /* Build configuration list for PBXProject "UDownloader" */ = {
			isa = XCConfigurationList;
			buildConfigurations = (
				F404B09D1F78F68800AD11A9 /* Debug */,
				F404B09E1F78F68800AD11A9 /* Release */,
			);
			defaultConfigurationIsVisible = 0;
			defaultConfigurationName = Release;
		};
		F404B09F1F78F68800AD11A9 /* Build configuration list for PBXNativeTarget "UDownloader" */ = {
			isa = XCConfigurationList;
			buildConfigurations = (
				F404B0A01F78F68800AD11A9 /* Debug */,
				F404B0A11F78F68800AD11A9 /* Release */,
			);
			defaultConfigurationIsVisible = 0;
			defaultConfigurationName = Release;
		};
		F404B0A21F78F68800AD11A9 /* Build configuration list for PBXNativeTarget "UDownloaderTests" */ = {
			isa = XCConfigurationList;
			buildConfigurations = (
				F404B0A31F78F68800AD11A9 /* Debug */,
				F404B0A41F78F68800AD11A9 /* Release */,
			);
			defaultConfigurationIsVisible = 0;
			defaultConfigurationName = Release;
		};
/* End XCConfigurationList section */
	};
	rootObject = F404B0821F78F68800AD11A9 /* Project object */;
}
