// !$*UTF8*$!
{
	archiveVersion = 1;
	classes = {
	};
	objectVersion = 46;
	objects = {

/* Begin PBXBuildFile section */
		F489BC701ECAFF1700889F45 /* main.m in Sources */ = {isa = PBXBuildFile; fileRef = F489BC6F1ECAFF1700889F45 /* main.m */; };
		F489BC731ECAFF1700889F45 /* AppDelegate.m in Sources */ = {isa = PBXBuildFile; fileRef = F489BC721ECAFF1700889F45 /* AppDelegate.m */; };
		F489BC7B1ECAFF1700889F45 /* Assets.xcassets in Resources */ = {isa = PBXBuildFile; fileRef = F489BC7A1ECAFF1700889F45 /* Assets.xcassets */; };
		F489BC891ECAFF1700889F45 /* QuizTests.m in Sources */ = {isa = PBXBuildFile; fileRef = F489BC881ECAFF1700889F45 /* QuizTests.m */; };
		F489BC941ECAFF1700889F45 /* QuizUITests.m in Sources */ = {isa = PBXBuildFile; fileRef = F489BC931ECAFF1700889F45 /* QuizUITests.m */; };
		F489BCA41ECB00A600889F45 /* QuizViewController.m in Sources */ = {isa = PBXBuildFile; fileRef = F489BCA21ECB00A600889F45 /* QuizViewController.m */; };
		F489BCA51ECB00A600889F45 /* QuizViewController.xib in Resources */ = {isa = PBXBuildFile; fileRef = F489BCA31ECB00A600889F45 /* QuizViewController.xib */; };
/* End PBXBuildFile section */

/* Begin PBXContainerItemProxy section */
		F489BC851ECAFF1700889F45 /* PBXContainerItemProxy */ = {
			isa = PBXContainerItemProxy;
			containerPortal = F489BC631ECAFF1700889F45 /* Project object */;
			proxyType = 1;
			remoteGlobalIDString = F489BC6A1ECAFF1700889F45;
			remoteInfo = Quiz;
		};
		F489BC901ECAFF1700889F45 /* PBXContainerItemProxy */ = {
			isa = PBXContainerItemProxy;
			containerPortal = F489BC631ECAFF1700889F45 /* Project object */;
			proxyType = 1;
			remoteGlobalIDString = F489BC6A1ECAFF1700889F45;
			remoteInfo = Quiz;
		};
/* End PBXContainerItemProxy section */

/* Begin PBXFileReference section */
		F489BC6B1ECAFF1700889F45 /* Quiz.app */ = {isa = PBXFileReference; explicitFileType = wrapper.application; includeInIndex = 0; path = Quiz.app; sourceTree = BUILT_PRODUCTS_DIR; };
		F489BC6F1ECAFF1700889F45 /* main.m */ = {isa = PBXFileReference; lastKnownFileType = sourcecode.c.objc; path = main.m; sourceTree = "<group>"; };
		F489BC711ECAFF1700889F45 /* AppDelegate.h */ = {isa = PBXFileReference; lastKnownFileType = sourcecode.c.h; path = AppDelegate.h; sourceTree = "<group>"; };
		F489BC721ECAFF1700889F45 /* AppDelegate.m */ = {isa = PBXFileReference; lastKnownFileType = sourcecode.c.objc; path = AppDelegate.m; sourceTree = "<group>"; };
		F489BC7A1ECAFF1700889F45 /* Assets.xcassets */ = {isa = PBXFileReference; lastKnownFileType = folder.assetcatalog; path = Assets.xcassets; sourceTree = "<group>"; };
		F489BC7F1ECAFF1700889F45 /* Info.plist */ = {isa = PBXFileReference; lastKnownFileType = text.plist.xml; path = Info.plist; sourceTree = "<group>"; };
		F489BC841ECAFF1700889F45 /* QuizTests.xctest */ = {isa = PBXFileReference; explicitFileType = wrapper.cfbundle; includeInIndex = 0; path = QuizTests.xctest; sourceTree = BUILT_PRODUCTS_DIR; };
		F489BC881ECAFF1700889F45 /* QuizTests.m */ = {isa = PBXFileReference; lastKnownFileType = sourcecode.c.objc; path = QuizTests.m; sourceTree = "<group>"; };
		F489BC8A1ECAFF1700889F45 /* Info.plist */ = {isa = PBXFileReference; lastKnownFileType = text.plist.xml; path = Info.plist; sourceTree = "<group>"; };
		F489BC8F1ECAFF1700889F45 /* QuizUITests.xctest */ = {isa = PBXFileReference; explicitFileType = wrapper.cfbundle; includeInIndex = 0; path = QuizUITests.xctest; sourceTree = BUILT_PRODUCTS_DIR; };
		F489BC931ECAFF1700889F45 /* QuizUITests.m */ = {isa = PBXFileReference; lastKnownFileType = sourcecode.c.objc; path = QuizUITests.m; sourceTree = "<group>"; };
		F489BC951ECAFF1700889F45 /* Info.plist */ = {isa = PBXFileReference; lastKnownFileType = text.plist.xml; path = Info.plist; sourceTree = "<group>"; };
		F489BCA11ECB00A600889F45 /* QuizViewController.h */ = {isa = PBXFileReference; fileEncoding = 4; lastKnownFileType = sourcecode.c.h; path = QuizViewController.h; sourceTree = "<group>"; };
		F489BCA21ECB00A600889F45 /* QuizViewController.m */ = {isa = PBXFileReference; fileEncoding = 4; lastKnownFileType = sourcecode.c.objc; path = QuizViewController.m; sourceTree = "<group>"; };
		F489BCA31ECB00A600889F45 /* QuizViewController.xib */ = {isa = PBXFileReference; fileEncoding = 4; lastKnownFileType = file.xib; path = QuizViewController.xib; sourceTree = "<group>"; };
/* End PBXFileReference section */

/* Begin PBXFrameworksBuildPhase section */
		F489BC681ECAFF1700889F45 /* Frameworks */ = {
			isa = PBXFrameworksBuildPhase;
			buildActionMask = 2147483647;
			files = (
			);
			runOnlyForDeploymentPostprocessing = 0;
		};
		F489BC811ECAFF1700889F45 /* Frameworks */ = {
			isa = PBXFrameworksBuildPhase;
			buildActionMask = 2147483647;
			files = (
			);
			runOnlyForDeploymentPostprocessing = 0;
		};
		F489BC8C1ECAFF1700889F45 /* Frameworks */ = {
			isa = PBXFrameworksBuildPhase;
			buildActionMask = 2147483647;
			files = (
			);
			runOnlyForDeploymentPostprocessing = 0;
		};
/* End PBXFrameworksBuildPhase section */

/* Begin PBXGroup section */
		F489BC621ECAFF1700889F45 = {
			isa = PBXGroup;
			children = (
				F489BC6D1ECAFF1700889F45 /* Quiz */,
				F489BC871ECAFF1700889F45 /* QuizTests */,
				F489BC921ECAFF1700889F45 /* QuizUITests */,
				F489BC6C1ECAFF1700889F45 /* Products */,
			);
			sourceTree = "<group>";
		};
		F489BC6C1ECAFF1700889F45 /* Products */ = {
			isa = PBXGroup;
			children = (
				F489BC6B1ECAFF1700889F45 /* Quiz.app */,
				F489BC841ECAFF1700889F45 /* QuizTests.xctest */,
				F489BC8F1ECAFF1700889F45 /* QuizUITests.xctest */,
			);
			name = Products;
			sourceTree = "<group>";
		};
		F489BC6D1ECAFF1700889F45 /* Quiz */ = {
			isa = PBXGroup;
			children = (
				F489BC711ECAFF1700889F45 /* AppDelegate.h */,
				F489BC721ECAFF1700889F45 /* AppDelegate.m */,
				F489BC7A1ECAFF1700889F45 /* Assets.xcassets */,
				F489BC7F1ECAFF1700889F45 /* Info.plist */,
				F489BC6E1ECAFF1700889F45 /* Supporting Files */,
				F489BCA11ECB00A600889F45 /* QuizViewController.h */,
				F489BCA21ECB00A600889F45 /* QuizViewController.m */,
				F489BCA31ECB00A600889F45 /* QuizViewController.xib */,
			);
			path = Quiz;
			sourceTree = "<group>";
		};
		F489BC6E1ECAFF1700889F45 /* Supporting Files */ = {
			isa = PBXGroup;
			children = (
				F489BC6F1ECAFF1700889F45 /* main.m */,
			);
			name = "Supporting Files";
			sourceTree = "<group>";
		};
		F489BC871ECAFF1700889F45 /* QuizTests */ = {
			isa = PBXGroup;
			children = (
				F489BC881ECAFF1700889F45 /* QuizTests.m */,
				F489BC8A1ECAFF1700889F45 /* Info.plist */,
			);
			path = QuizTests;
			sourceTree = "<group>";
		};
		F489BC921ECAFF1700889F45 /* QuizUITests */ = {
			isa = PBXGroup;
			children = (
				F489BC931ECAFF1700889F45 /* QuizUITests.m */,
				F489BC951ECAFF1700889F45 /* Info.plist */,
			);
			path = QuizUITests;
			sourceTree = "<group>";
		};
/* End PBXGroup section */

/* Begin PBXNativeTarget section */
		F489BC6A1ECAFF1700889F45 /* Quiz */ = {
			isa = PBXNativeTarget;
			buildConfigurationList = F489BC981ECAFF1700889F45 /* Build configuration list for PBXNativeTarget "Quiz" */;
			buildPhases = (
				F489BC671ECAFF1700889F45 /* Sources */,
				F489BC681ECAFF1700889F45 /* Frameworks */,
				F489BC691ECAFF1700889F45 /* Resources */,
			);
			buildRules = (
			);
			dependencies = (
			);
			name = Quiz;
			productName = Quiz;
			productReference = F489BC6B1ECAFF1700889F45 /* Quiz.app */;
			productType = "com.apple.product-type.application";
		};
		F489BC831ECAFF1700889F45 /* QuizTests */ = {
			isa = PBXNativeTarget;
			buildConfigurationList = F489BC9B1ECAFF1700889F45 /* Build configuration list for PBXNativeTarget "QuizTests" */;
			buildPhases = (
				F489BC801ECAFF1700889F45 /* Sources */,
				F489BC811ECAFF1700889F45 /* Frameworks */,
				F489BC821ECAFF1700889F45 /* Resources */,
			);
			buildRules = (
			);
			dependencies = (
				F489BC861ECAFF1700889F45 /* PBXTargetDependency */,
			);
			name = QuizTests;
			productName = QuizTests;
			productReference = F489BC841ECAFF1700889F45 /* QuizTests.xctest */;
			productType = "com.apple.product-type.bundle.unit-test";
		};
		F489BC8E1ECAFF1700889F45 /* QuizUITests */ = {
			isa = PBXNativeTarget;
			buildConfigurationList = F489BC9E1ECAFF1700889F45 /* Build configuration list for PBXNativeTarget "QuizUITests" */;
			buildPhases = (
				F489BC8B1ECAFF1700889F45 /* Sources */,
				F489BC8C1ECAFF1700889F45 /* Frameworks */,
				F489BC8D1ECAFF1700889F45 /* Resources */,
			);
			buildRules = (
			);
			dependencies = (
				F489BC911ECAFF1700889F45 /* PBXTargetDependency */,
			);
			name = QuizUITests;
			productName = QuizUITests;
			productReference = F489BC8F1ECAFF1700889F45 /* QuizUITests.xctest */;
			productType = "com.apple.product-type.bundle.ui-testing";
		};
/* End PBXNativeTarget section */

/* Begin PBXProject section */
		F489BC631ECAFF1700889F45 /* Project object */ = {
			isa = PBXProject;
			attributes = {
				LastUpgradeCheck = 0830;
				ORGANIZATIONNAME = szimine;
				TargetAttributes = {
					F489BC6A1ECAFF1700889F45 = {
						CreatedOnToolsVersion = 8.3.2;
						DevelopmentTeam = G2264DLSAY;
						ProvisioningStyle = Automatic;
					};
					F489BC831ECAFF1700889F45 = {
						CreatedOnToolsVersion = 8.3.2;
						ProvisioningStyle = Automatic;
						TestTargetID = F489BC6A1ECAFF1700889F45;
					};
					F489BC8E1ECAFF1700889F45 = {
						CreatedOnToolsVersion = 8.3.2;
						ProvisioningStyle = Automatic;
						TestTargetID = F489BC6A1ECAFF1700889F45;
					};
				};
			};
			buildConfigurationList = F489BC661ECAFF1700889F45 /* Build configuration list for PBXProject "Quiz" */;
			compatibilityVersion = "Xcode 3.2";
			developmentRegion = English;
			hasScannedForEncodings = 0;
			knownRegions = (
				en,
				Base,
			);
			mainGroup = F489BC621ECAFF1700889F45;
			productRefGroup = F489BC6C1ECAFF1700889F45 /* Products */;
			projectDirPath = "";
			projectRoot = "";
			targets = (
				F489BC6A1ECAFF1700889F45 /* Quiz */,
				F489BC831ECAFF1700889F45 /* QuizTests */,
				F489BC8E1ECAFF1700889F45 /* QuizUITests */,
			);
		};
/* End PBXProject section */

/* Begin PBXResourcesBuildPhase section */
		F489BC691ECAFF1700889F45 /* Resources */ = {
			isa = PBXResourcesBuildPhase;
			buildActionMask = 2147483647;
			files = (
				F489BC7B1ECAFF1700889F45 /* Assets.xcassets in Resources */,
				F489BCA51ECB00A600889F45 /* QuizViewController.xib in Resources */,
			);
			runOnlyForDeploymentPostprocessing = 0;
		};
		F489BC821ECAFF1700889F45 /* Resources */ = {
			isa = PBXResourcesBuildPhase;
			buildActionMask = 2147483647;
			files = (
			);
			runOnlyForDeploymentPostprocessing = 0;
		};
		F489BC8D1ECAFF1700889F45 /* Resources */ = {
			isa = PBXResourcesBuildPhase;
			buildActionMask = 2147483647;
			files = (
			);
			runOnlyForDeploymentPostprocessing = 0;
		};
/* End PBXResourcesBuildPhase section */

/* Begin PBXSourcesBuildPhase section */
		F489BC671ECAFF1700889F45 /* Sources */ = {
			isa = PBXSourcesBuildPhase;
			buildActionMask = 2147483647;
			files = (
				F489BC731ECAFF1700889F45 /* AppDelegate.m in Sources */,
				F489BC701ECAFF1700889F45 /* main.m in Sources */,
				F489BCA41ECB00A600889F45 /* QuizViewController.m in Sources */,
			);
			runOnlyForDeploymentPostprocessing = 0;
		};
		F489BC801ECAFF1700889F45 /* Sources */ = {
			isa = PBXSourcesBuildPhase;
			buildActionMask = 2147483647;
			files = (
				F489BC891ECAFF1700889F45 /* QuizTests.m in Sources */,
			);
			runOnlyForDeploymentPostprocessing = 0;
		};
		F489BC8B1ECAFF1700889F45 /* Sources */ = {
			isa = PBXSourcesBuildPhase;
			buildActionMask = 2147483647;
			files = (
				F489BC941ECAFF1700889F45 /* QuizUITests.m in Sources */,
			);
			runOnlyForDeploymentPostprocessing = 0;
		};
/* End PBXSourcesBuildPhase section */

/* Begin PBXTargetDependency section */
		F489BC861ECAFF1700889F45 /* PBXTargetDependency */ = {
			isa = PBXTargetDependency;
			target = F489BC6A1ECAFF1700889F45 /* Quiz */;
			targetProxy = F489BC851ECAFF1700889F45 /* PBXContainerItemProxy */;
		};
		F489BC911ECAFF1700889F45 /* PBXTargetDependency */ = {
			isa = PBXTargetDependency;
			target = F489BC6A1ECAFF1700889F45 /* Quiz */;
			targetProxy = F489BC901ECAFF1700889F45 /* PBXContainerItemProxy */;
		};
/* End PBXTargetDependency section */

/* Begin XCBuildConfiguration section */
		F489BC961ECAFF1700889F45 /* Debug */ = {
			isa = XCBuildConfiguration;
			buildSettings = {
				ALWAYS_SEARCH_USER_PATHS = NO;
				CLANG_ANALYZER_NONNULL = YES;
				CLANG_ANALYZER_NUMBER_OBJECT_CONVERSION = YES_AGGRESSIVE;
				CLANG_CXX_LANGUAGE_STANDARD = "gnu++0x";
				CLANG_CXX_LIBRARY = "libc++";
				CLANG_ENABLE_MODULES = YES;
				CLANG_ENABLE_OBJC_ARC = YES;
				CLANG_WARN_BOOL_CONVERSION = YES;
				CLANG_WARN_CONSTANT_CONVERSION = YES;
				CLANG_WARN_DIRECT_OBJC_ISA_USAGE = YES_ERROR;
				CLANG_WARN_DOCUMENTATION_COMMENTS = YES;
				CLANG_WARN_EMPTY_BODY = YES;
				CLANG_WARN_ENUM_CONVERSION = YES;
				CLANG_WARN_INFINITE_RECURSION = YES;
				CLANG_WARN_INT_CONVERSION = YES;
				CLANG_WARN_OBJC_ROOT_CLASS = YES_ERROR;
				CLANG_WARN_SUSPICIOUS_MOVE = YES;
				CLANG_WARN_UNREACHABLE_CODE = YES;
				CLANG_WARN__DUPLICATE_METHOD_MATCH = YES;
				"CODE_SIGN_IDENTITY[sdk=iphoneos*]" = "iPhone Developer";
				COPY_PHASE_STRIP = NO;
				DEBUG_INFORMATION_FORMAT = dwarf;
				ENABLE_STRICT_OBJC_MSGSEND = YES;
				ENABLE_TESTABILITY = YES;
				GCC_C_LANGUAGE_STANDARD = gnu99;
				GCC_DYNAMIC_NO_PIC = NO;
				GCC_NO_COMMON_BLOCKS = YES;
				GCC_OPTIMIZATION_LEVEL = 0;
				GCC_PREPROCESSOR_DEFINITIONS = (
					"DEBUG=1",
					"$(inherited)",
				);
				GCC_WARN_64_TO_32_BIT_CONVERSION = YES;
				GCC_WARN_ABOUT_RETURN_TYPE = YES_ERROR;
				GCC_WARN_UNDECLARED_SELECTOR = YES;
				GCC_WARN_UNINITIALIZED_AUTOS = YES_AGGRESSIVE;
				GCC_WARN_UNUSED_FUNCTION = YES;
				GCC_WARN_UNUSED_VARIABLE = YES;
				IPHONEOS_DEPLOYMENT_TARGET = 10.3;
				MTL_ENABLE_DEBUG_INFO = YES;
				ONLY_ACTIVE_ARCH = YES;
				SDKROOT = iphoneos;
			};
			name = Debug;
		};
		F489BC971ECAFF1700889F45 /* Release */ = {
			isa = XCBuildConfiguration;
			buildSettings = {
				ALWAYS_SEARCH_USER_PATHS = NO;
				CLANG_ANALYZER_NONNULL = YES;
				CLANG_ANALYZER_NUMBER_OBJECT_CONVERSION = YES_AGGRESSIVE;
				CLANG_CXX_LANGUAGE_STANDARD = "gnu++0x";
				CLANG_CXX_LIBRARY = "libc++";
				CLANG_ENABLE_MODULES = YES;
				CLANG_ENABLE_OBJC_ARC = YES;
				CLANG_WARN_BOOL_CONVERSION = YES;
				CLANG_WARN_CONSTANT_CONVERSION = YES;
				CLANG_WARN_DIRECT_OBJC_ISA_USAGE = YES_ERROR;
				CLANG_WARN_DOCUMENTATION_COMMENTS = YES;
				CLANG_WARN_EMPTY_BODY = YES;
				CLANG_WARN_ENUM_CONVERSION = YES;
				CLANG_WARN_INFINITE_RECURSION = YES;
				CLANG_WARN_INT_CONVERSION = YES;
				CLANG_WARN_OBJC_ROOT_CLASS = YES_ERROR;
				CLANG_WARN_SUSPICIOUS_MOVE = YES;
				CLANG_WARN_UNREACHABLE_CODE = YES;
				CLANG_WARN__DUPLICATE_METHOD_MATCH = YES;
				"CODE_SIGN_IDENTITY[sdk=iphoneos*]" = "iPhone Developer";
				COPY_PHASE_STRIP = NO;
				DEBUG_INFORMATION_FORMAT = "dwarf-with-dsym";
				ENABLE_NS_ASSERTIONS = NO;
				ENABLE_STRICT_OBJC_MSGSEND = YES;
				GCC_C_LANGUAGE_STANDARD = gnu99;
				GCC_NO_COMMON_BLOCKS = YES;
				GCC_WARN_64_TO_32_BIT_CONVERSION = YES;
				GCC_WARN_ABOUT_RETURN_TYPE = YES_ERROR;
				GCC_WARN_UNDECLARED_SELECTOR = YES;
				GCC_WARN_UNINITIALIZED_AUTOS = YES_AGGRESSIVE;
				GCC_WARN_UNUSED_FUNCTION = YES;
				GCC_WARN_UNUSED_VARIABLE = YES;
				IPHONEOS_DEPLOYMENT_TARGET = 10.3;
				MTL_ENABLE_DEBUG_INFO = NO;
				SDKROOT = iphoneos;
				VALIDATE_PRODUCT = YES;
			};
			name = Release;
		};
		F489BC991ECAFF1700889F45 /* Debug */ = {
			isa = XCBuildConfiguration;
			buildSettings = {
				ASSETCATALOG_COMPILER_APPICON_NAME = AppIcon;
				DEVELOPMENT_TEAM = G2264DLSAY;
				INFOPLIST_FILE = Quiz/Info.plist;
				IPHONEOS_DEPLOYMENT_TARGET = 10.3;
				LD_RUNPATH_SEARCH_PATHS = "$(inherited) @executable_path/Frameworks";
				PRODUCT_BUNDLE_IDENTIFIER = org.szi.Quiz;
				PRODUCT_NAME = "$(TARGET_NAME)";
				TARGETED_DEVICE_FAMILY = 1;
			};
			name = Debug;
		};
		F489BC9A1ECAFF1700889F45 /* Release */ = {
			isa = XCBuildConfiguration;
			buildSettings = {
				ASSETCATALOG_COMPILER_APPICON_NAME = AppIcon;
				DEVELOPMENT_TEAM = G2264DLSAY;
				INFOPLIST_FILE = Quiz/Info.plist;
				IPHONEOS_DEPLOYMENT_TARGET = 10.3;
				LD_RUNPATH_SEARCH_PATHS = "$(inherited) @executable_path/Frameworks";
				PRODUCT_BUNDLE_IDENTIFIER = org.szi.Quiz;
				PRODUCT_NAME = "$(TARGET_NAME)";
				TARGETED_DEVICE_FAMILY = 1;
			};
			name = Release;
		};
		F489BC9C1ECAFF1700889F45 /* Debug */ = {
			isa = XCBuildConfiguration;
			buildSettings = {
				BUNDLE_LOADER = "$(TEST_HOST)";
				INFOPLIST_FILE = QuizTests/Info.plist;
				LD_RUNPATH_SEARCH_PATHS = "$(inherited) @executable_path/Frameworks @loader_path/Frameworks";
				PRODUCT_BUNDLE_IDENTIFIER = org.szi.QuizTests;
				PRODUCT_NAME = "$(TARGET_NAME)";
				TEST_HOST = "$(BUILT_PRODUCTS_DIR)/Quiz.app/Quiz";
			};
			name = Debug;
		};
		F489BC9D1ECAFF1700889F45 /* Release */ = {
			isa = XCBuildConfiguration;
			buildSettings = {
				BUNDLE_LOADER = "$(TEST_HOST)";
				INFOPLIST_FILE = QuizTests/Info.plist;
				LD_RUNPATH_SEARCH_PATHS = "$(inherited) @executable_path/Frameworks @loader_path/Frameworks";
				PRODUCT_BUNDLE_IDENTIFIER = org.szi.QuizTests;
				PRODUCT_NAME = "$(TARGET_NAME)";
				TEST_HOST = "$(BUILT_PRODUCTS_DIR)/Quiz.app/Quiz";
			};
			name = Release;
		};
		F489BC9F1ECAFF1700889F45 /* Debug */ = {
			isa = XCBuildConfiguration;
			buildSettings = {
				INFOPLIST_FILE = QuizUITests/Info.plist;
				LD_RUNPATH_SEARCH_PATHS = "$(inherited) @executable_path/Frameworks @loader_path/Frameworks";
				PRODUCT_BUNDLE_IDENTIFIER = org.szi.QuizUITests;
				PRODUCT_NAME = "$(TARGET_NAME)";
				TEST_TARGET_NAME = Quiz;
			};
			name = Debug;
		};
		F489BCA01ECAFF1700889F45 /* Release */ = {
			isa = XCBuildConfiguration;
			buildSettings = {
				INFOPLIST_FILE = QuizUITests/Info.plist;
				LD_RUNPATH_SEARCH_PATHS = "$(inherited) @executable_path/Frameworks @loader_path/Frameworks";
				PRODUCT_BUNDLE_IDENTIFIER = org.szi.QuizUITests;
				PRODUCT_NAME = "$(TARGET_NAME)";
				TEST_TARGET_NAME = Quiz;
			};
			name = Release;
		};
/* End XCBuildConfiguration section */

/* Begin XCConfigurationList section */
		F489BC661ECAFF1700889F45 /* Build configuration list for PBXProject "Quiz" */ = {
			isa = XCConfigurationList;
			buildConfigurations = (
				F489BC961ECAFF1700889F45 /* Debug */,
				F489BC971ECAFF1700889F45 /* Release */,
			);
			defaultConfigurationIsVisible = 0;
			defaultConfigurationName = Release;
		};
		F489BC981ECAFF1700889F45 /* Build configuration list for PBXNativeTarget "Quiz" */ = {
			isa = XCConfigurationList;
			buildConfigurations = (
				F489BC991ECAFF1700889F45 /* Debug */,
				F489BC9A1ECAFF1700889F45 /* Release */,
			);
			defaultConfigurationIsVisible = 0;
		};
		F489BC9B1ECAFF1700889F45 /* Build configuration list for PBXNativeTarget "QuizTests" */ = {
			isa = XCConfigurationList;
			buildConfigurations = (
				F489BC9C1ECAFF1700889F45 /* Debug */,
				F489BC9D1ECAFF1700889F45 /* Release */,
			);
			defaultConfigurationIsVisible = 0;
		};
		F489BC9E1ECAFF1700889F45 /* Build configuration list for PBXNativeTarget "QuizUITests" */ = {
			isa = XCConfigurationList;
			buildConfigurations = (
				F489BC9F1ECAFF1700889F45 /* Debug */,
				F489BCA01ECAFF1700889F45 /* Release */,
			);
			defaultConfigurationIsVisible = 0;
		};
/* End XCConfigurationList section */
	};
	rootObject = F489BC631ECAFF1700889F45 /* Project object */;
}
