
Microsoft Visual Studio Solution File, Format Version 12.00
# Visual Studio 2012
Project("{FAE04EC0-301F-11D3-BF4B-00C04F79EFBC}") = "OracleEfDemo", "OracleEfDemo\OracleEfDemo.csproj", "{DF29267F-1F97-4B40-AEAD-252590F70940}"
EndProject
Project("{FAE04EC0-301F-11D3-BF4B-00C04F79EFBC}") = "OracleEf", "OracleEf\OracleEf.csproj", "{B45BA51D-82A7-49EB-A3F8-EDB840606E05}"
EndProject
Project("{2150E333-8FDC-42A3-9474-1A3956D46DE8}") = ".nuget", ".nuget", "{F33D2336-7E35-4CE8-B16B-20790DEFA50A}"
	ProjectSection(SolutionItems) = preProject
		.nuget\NuGet.Config = .nuget\NuGet.Config
		.nuget\NuGet.exe = .nuget\NuGet.exe
		.nuget\NuGet.targets = .nuget\NuGet.targets
	EndProjectSection
EndProject
Global
	GlobalSection(SolutionConfigurationPlatforms) = preSolution
		Debug|Any CPU = Debug|Any CPU
		Release|Any CPU = Release|Any CPU
	EndGlobalSection
	GlobalSection(ProjectConfigurationPlatforms) = postSolution
		{DF29267F-1F97-4B40-AEAD-252590F70940}.Debug|Any CPU.ActiveCfg = Debug|Any CPU
		{DF29267F-1F97-4B40-AEAD-252590F70940}.Debug|Any CPU.Build.0 = Debug|Any CPU
		{DF29267F-1F97-4B40-AEAD-252590F70940}.Release|Any CPU.ActiveCfg = Release|Any CPU
		{DF29267F-1F97-4B40-AEAD-252590F70940}.Release|Any CPU.Build.0 = Release|Any CPU
		{B45BA51D-82A7-49EB-A3F8-EDB840606E05}.Debug|Any CPU.ActiveCfg = Debug|Any CPU
		{B45BA51D-82A7-49EB-A3F8-EDB840606E05}.Debug|Any CPU.Build.0 = Debug|Any CPU
		{B45BA51D-82A7-49EB-A3F8-EDB840606E05}.Release|Any CPU.ActiveCfg = Release|Any CPU
		{B45BA51D-82A7-49EB-A3F8-EDB840606E05}.Release|Any CPU.Build.0 = Release|Any CPU
	EndGlobalSection
	GlobalSection(SolutionProperties) = preSolution
		HideSolutionNode = FALSE
	EndGlobalSection
EndGlobal
