// !$*UTF8*$!
{
	archiveVersion = 1;
	classes = {
	};
	objectVersion = 46;
	objects = {

/* Begin PBXBuildFile section */
		F41196C81E8D61A90046856C /* MapViewController.swift in Sources */ = {isa = PBXBuildFile; fileRef = F41196C71E8D61A90046856C /* MapViewController.swift */; };
		F424A4AE1E8A96DC00D94C9C /* ConversionViewController.swift in Sources */ = {isa = PBXBuildFile; fileRef = F424A4AD1E8A96DC00D94C9C /* ConversionViewController.swift */; };
		F45199871E81773A0018F9F1 /* AppDelegate.swift in Sources */ = {isa = PBXBuildFile; fileRef = F45199861E81773A0018F9F1 /* AppDelegate.swift */; };
		F451998C1E81773A0018F9F1 /* Main.storyboard in Resources */ = {isa = PBXBuildFile; fileRef = F451998A1E81773A0018F9F1 /* Main.storyboard */; };
		F451998E1E81773A0018F9F1 /* Assets.xcassets in Resources */ = {isa = PBXBuildFile; fileRef = F451998D1E81773A0018F9F1 /* Assets.xcassets */; };
		F45199911E81773A0018F9F1 /* LaunchScreen.storyboard in Resources */ = {isa = PBXBuildFile; fileRef = F451998F1E81773A0018F9F1 /* LaunchScreen.storyboard */; };
		F451999C1E81773A0018F9F1 /* WorldTrotterTests.swift in Sources */ = {isa = PBXBuildFile; fileRef = F451999B1E81773A0018F9F1 /* WorldTrotterTests.swift */; };
		F45199A71E81773A0018F9F1 /* WorldTrotterUITests.swift in Sources */ = {isa = PBXBuildFile; fileRef = F45199A61E81773A0018F9F1 /* WorldTrotterUITests.swift */; };
		F4B6BE081E8D566A002CD798 /* MapKit.framework in Frameworks */ = {isa = PBXBuildFile; fileRef = F4B6BE071E8D566A002CD798 /* MapKit.framework */; };
/* End PBXBuildFile section */

/* Begin PBXContainerItemProxy section */
		F45199981E81773A0018F9F1 /* PBXContainerItemProxy */ = {
			isa = PBXContainerItemProxy;
			containerPortal = F451997B1E81773A0018F9F1 /* Project object */;
			proxyType = 1;
			remoteGlobalIDString = F45199821E81773A0018F9F1;
			remoteInfo = WorldTrotter;
		};
		F45199A31E81773A0018F9F1 /* PBXContainerItemProxy */ = {
			isa = PBXContainerItemProxy;
			containerPortal = F451997B1E81773A0018F9F1 /* Project object */;
			proxyType = 1;
			remoteGlobalIDString = F45199821E81773A0018F9F1;
			remoteInfo = WorldTrotter;
		};
/* End PBXContainerItemProxy section */

/* Begin PBXFileReference section */
		F41196C71E8D61A90046856C /* MapViewController.swift */ = {isa = PBXFileReference; fileEncoding = 4; lastKnownFileType = sourcecode.swift; path = MapViewController.swift; sourceTree = "<group>"; };
		F424A4AD1E8A96DC00D94C9C /* ConversionViewController.swift */ = {isa = PBXFileReference; fileEncoding = 4; lastKnownFileType = sourcecode.swift; path = ConversionViewController.swift; sourceTree = "<group>"; };
		F45199831E81773A0018F9F1 /* WorldTrotter.app */ = {isa = PBXFileReference; explicitFileType = wrapper.application; includeInIndex = 0; path = WorldTrotter.app; sourceTree = BUILT_PRODUCTS_DIR; };
		F45199861E81773A0018F9F1 /* AppDelegate.swift */ = {isa = PBXFileReference; lastKnownFileType = sourcecode.swift; path = AppDelegate.swift; sourceTree = "<group>"; };
		F451998B1E81773A0018F9F1 /* Base */ = {isa = PBXFileReference; lastKnownFileType = file.storyboard; name = Base; path = Base.lproj/Main.storyboard; sourceTree = "<group>"; };
		F451998D1E81773A0018F9F1 /* Assets.xcassets */ = {isa = PBXFileReference; lastKnownFileType = folder.assetcatalog; path = Assets.xcassets; sourceTree = "<group>"; };
		F45199901E81773A0018F9F1 /* Base */ = {isa = PBXFileReference; lastKnownFileType = file.storyboard; name = Base; path = Base.lproj/LaunchScreen.storyboard; sourceTree = "<group>"; };
		F45199921E81773A0018F9F1 /* Info.plist */ = {isa = PBXFileReference; lastKnownFileType = text.plist.xml; path = Info.plist; sourceTree = "<group>"; };
		F45199971E81773A0018F9F1 /* WorldTrotterTests.xctest */ = {isa = PBXFileReference; explicitFileType = wrapper.cfbundle; includeInIndex = 0; path = WorldTrotterTests.xctest; sourceTree = BUILT_PRODUCTS_DIR; };
		F451999B1E81773A0018F9F1 /* WorldTrotterTests.swift */ = {isa = PBXFileReference; lastKnownFileType = sourcecode.swift; path = WorldTrotterTests.swift; sourceTree = "<group>"; };
		F451999D1E81773A0018F9F1 /* Info.plist */ = {isa = PBXFileReference; lastKnownFileType = text.plist.xml; path = Info.plist; sourceTree = "<group>"; };
		F45199A21E81773A0018F9F1 /* WorldTrotterUITests.xctest */ = {isa = PBXFileReference; explicitFileType = wrapper.cfbundle; includeInIndex = 0; path = WorldTrotterUITests.xctest; sourceTree = BUILT_PRODUCTS_DIR; };
		F45199A61E81773A0018F9F1 /* WorldTrotterUITests.swift */ = {isa = PBXFileReference; lastKnownFileType = sourcecode.swift; path = WorldTrotterUITests.swift; sourceTree = "<group>"; };
		F45199A81E81773A0018F9F1 /* Info.plist */ = {isa = PBXFileReference; lastKnownFileType = text.plist.xml; path = Info.plist; sourceTree = "<group>"; };
		F4B6BE071E8D566A002CD798 /* MapKit.framework */ = {isa = PBXFileReference; lastKnownFileType = wrapper.framework; name = MapKit.framework; path = System/Library/Frameworks/MapKit.framework; sourceTree = SDKROOT; };
/* End PBXFileReference section */

/* Begin PBXFrameworksBuildPhase section */
		F45199801E81773A0018F9F1 /* Frameworks */ = {
			isa = PBXFrameworksBuildPhase;
			buildActionMask = 2147483647;
			files = (
				F4B6BE081E8D566A002CD798 /* MapKit.framework in Frameworks */,
			);
			runOnlyForDeploymentPostprocessing = 0;
		};
		F45199941E81773A0018F9F1 /* Frameworks */ = {
			isa = PBXFrameworksBuildPhase;
			buildActionMask = 2147483647;
			files = (
			);
			runOnlyForDeploymentPostprocessing = 0;
		};
		F451999F1E81773A0018F9F1 /* Frameworks */ = {
			isa = PBXFrameworksBuildPhase;
			buildActionMask = 2147483647;
			files = (
			);
			runOnlyForDeploymentPostprocessing = 0;
		};
/* End PBXFrameworksBuildPhase section */

/* Begin PBXGroup section */
		F451997A1E81773A0018F9F1 = {
			isa = PBXGroup;
			children = (
				F41196C71E8D61A90046856C /* MapViewController.swift */,
				F424A4AD1E8A96DC00D94C9C /* ConversionViewController.swift */,
				F45199851E81773A0018F9F1 /* WorldTrotter */,
				F451999A1E81773A0018F9F1 /* WorldTrotterTests */,
				F45199A51E81773A0018F9F1 /* WorldTrotterUITests */,
				F45199841E81773A0018F9F1 /* Products */,
				F4B6BE061E8D566A002CD798 /* Frameworks */,
			);
			sourceTree = "<group>";
		};
		F45199841E81773A0018F9F1 /* Products */ = {
			isa = PBXGroup;
			children = (
				F45199831E81773A0018F9F1 /* WorldTrotter.app */,
				F45199971E81773A0018F9F1 /* WorldTrotterTests.xctest */,
				F45199A21E81773A0018F9F1 /* WorldTrotterUITests.xctest */,
			);
			name = Products;
			sourceTree = "<group>";
		};
		F45199851E81773A0018F9F1 /* WorldTrotter */ = {
			isa = PBXGroup;
			children = (
				F45199861E81773A0018F9F1 /* AppDelegate.swift */,
				F451998A1E81773A0018F9F1 /* Main.storyboard */,
				F451998D1E81773A0018F9F1 /* Assets.xcassets */,
				F451998F1E81773A0018F9F1 /* LaunchScreen.storyboard */,
				F45199921E81773A0018F9F1 /* Info.plist */,
			);
			path = WorldTrotter;
			sourceTree = "<group>";
		};
		F451999A1E81773A0018F9F1 /* WorldTrotterTests */ = {
			isa = PBXGroup;
			children = (
				F451999B1E81773A0018F9F1 /* WorldTrotterTests.swift */,
				F451999D1E81773A0018F9F1 /* Info.plist */,
			);
			path = WorldTrotterTests;
			sourceTree = "<group>";
		};
		F45199A51E81773A0018F9F1 /* WorldTrotterUITests */ = {
			isa = PBXGroup;
			children = (
				F45199A61E81773A0018F9F1 /* WorldTrotterUITests.swift */,
				F45199A81E81773A0018F9F1 /* Info.plist */,
			);
			path = WorldTrotterUITests;
			sourceTree = "<group>";
		};
		F4B6BE061E8D566A002CD798 /* Frameworks */ = {
			isa = PBXGroup;
			children = (
				F4B6BE071E8D566A002CD798 /* MapKit.framework */,
			);
			name = Frameworks;
			sourceTree = "<group>";
		};
/* End PBXGroup section */

/* Begin PBXNativeTarget section */
		F45199821E81773A0018F9F1 /* WorldTrotter */ = {
			isa = PBXNativeTarget;
			buildConfigurationList = F45199AB1E81773A0018F9F1 /* Build configuration list for PBXNativeTarget "WorldTrotter" */;
			buildPhases = (
				F451997F1E81773A0018F9F1 /* Sources */,
				F45199801E81773A0018F9F1 /* Frameworks */,
				F45199811E81773A0018F9F1 /* Resources */,
			);
			buildRules = (
			);
			dependencies = (
			);
			name = WorldTrotter;
			productName = WorldTrotter;
			productReference = F45199831E81773A0018F9F1 /* WorldTrotter.app */;
			productType = "com.apple.product-type.application";
		};
		F45199961E81773A0018F9F1 /* WorldTrotterTests */ = {
			isa = PBXNativeTarget;
			buildConfigurationList = F45199AE1E81773A0018F9F1 /* Build configuration list for PBXNativeTarget "WorldTrotterTests" */;
			buildPhases = (
				F45199931E81773A0018F9F1 /* Sources */,
				F45199941E81773A0018F9F1 /* Frameworks */,
				F45199951E81773A0018F9F1 /* Resources */,
			);
			buildRules = (
			);
			dependencies = (
				F45199991E81773A0018F9F1 /* PBXTargetDependency */,
			);
			name = WorldTrotterTests;
			productName = WorldTrotterTests;
			productReference = F45199971E81773A0018F9F1 /* WorldTrotterTests.xctest */;
			productType = "com.apple.product-type.bundle.unit-test";
		};
		F45199A11E81773A0018F9F1 /* WorldTrotterUITests */ = {
			isa = PBXNativeTarget;
			buildConfigurationList = F45199B11E81773A0018F9F1 /* Build configuration list for PBXNativeTarget "WorldTrotterUITests" */;
			buildPhases = (
				F451999E1E81773A0018F9F1 /* Sources */,
				F451999F1E81773A0018F9F1 /* Frameworks */,
				F45199A01E81773A0018F9F1 /* Resources */,
			);
			buildRules = (
			);
			dependencies = (
				F45199A41E81773A0018F9F1 /* PBXTargetDependency */,
			);
			name = WorldTrotterUITests;
			productName = WorldTrotterUITests;
			productReference = F45199A21E81773A0018F9F1 /* WorldTrotterUITests.xctest */;
			productType = "com.apple.product-type.bundle.ui-testing";
		};
/* End PBXNativeTarget section */

/* Begin PBXProject section */
		F451997B1E81773A0018F9F1 /* Project object */ = {
			isa = PBXProject;
			attributes = {
				LastSwiftUpdateCheck = 0820;
				LastUpgradeCheck = 0820;
				ORGANIZATIONNAME = szimine;
				TargetAttributes = {
					F45199821E81773A0018F9F1 = {
						CreatedOnToolsVersion = 8.2.1;
						ProvisioningStyle = Automatic;
					};
					F45199961E81773A0018F9F1 = {
						CreatedOnToolsVersion = 8.2.1;
						ProvisioningStyle = Automatic;
						TestTargetID = F45199821E81773A0018F9F1;
					};
					F45199A11E81773A0018F9F1 = {
						CreatedOnToolsVersion = 8.2.1;
						ProvisioningStyle = Automatic;
						TestTargetID = F45199821E81773A0018F9F1;
					};
				};
			};
			buildConfigurationList = F451997E1E81773A0018F9F1 /* Build configuration list for PBXProject "WorldTrotter" */;
			compatibilityVersion = "Xcode 3.2";
			developmentRegion = English;
			hasScannedForEncodings = 0;
			knownRegions = (
				en,
				Base,
			);
			mainGroup = F451997A1E81773A0018F9F1;
			productRefGroup = F45199841E81773A0018F9F1 /* Products */;
			projectDirPath = "";
			projectRoot = "";
			targets = (
				F45199821E81773A0018F9F1 /* WorldTrotter */,
				F45199961E81773A0018F9F1 /* WorldTrotterTests */,
				F45199A11E81773A0018F9F1 /* WorldTrotterUITests */,
			);
		};
/* End PBXProject section */

/* Begin PBXResourcesBuildPhase section */
		F45199811E81773A0018F9F1 /* Resources */ = {
			isa = PBXResourcesBuildPhase;
			buildActionMask = 2147483647;
			files = (
				F45199911E81773A0018F9F1 /* LaunchScreen.storyboard in Resources */,
				F451998E1E81773A0018F9F1 /* Assets.xcassets in Resources */,
				F451998C1E81773A0018F9F1 /* Main.storyboard in Resources */,
			);
			runOnlyForDeploymentPostprocessing = 0;
		};
		F45199951E81773A0018F9F1 /* Resources */ = {
			isa = PBXResourcesBuildPhase;
			buildActionMask = 2147483647;
			files = (
			);
			runOnlyForDeploymentPostprocessing = 0;
		};
		F45199A01E81773A0018F9F1 /* Resources */ = {
			isa = PBXResourcesBuildPhase;
			buildActionMask = 2147483647;
			files = (
			);
			runOnlyForDeploymentPostprocessing = 0;
		};
/* End PBXResourcesBuildPhase section */

/* Begin PBXSourcesBuildPhase section */
		F451997F1E81773A0018F9F1 /* Sources */ = {
			isa = PBXSourcesBuildPhase;
			buildActionMask = 2147483647;
			files = (
				F424A4AE1E8A96DC00D94C9C /* ConversionViewController.swift in Sources */,
				F41196C81E8D61A90046856C /* MapViewController.swift in Sources */,
				F45199871E81773A0018F9F1 /* AppDelegate.swift in Sources */,
			);
			runOnlyForDeploymentPostprocessing = 0;
		};
		F45199931E81773A0018F9F1 /* Sources */ = {
			isa = PBXSourcesBuildPhase;
			buildActionMask = 2147483647;
			files = (
				F451999C1E81773A0018F9F1 /* WorldTrotterTests.swift in Sources */,
			);
			runOnlyForDeploymentPostprocessing = 0;
		};
		F451999E1E81773A0018F9F1 /* Sources */ = {
			isa = PBXSourcesBuildPhase;
			buildActionMask = 2147483647;
			files = (
				F45199A71E81773A0018F9F1 /* WorldTrotterUITests.swift in Sources */,
			);
			runOnlyForDeploymentPostprocessing = 0;
		};
/* End PBXSourcesBuildPhase section */

/* Begin PBXTargetDependency section */
		F45199991E81773A0018F9F1 /* PBXTargetDependency */ = {
			isa = PBXTargetDependency;
			target = F45199821E81773A0018F9F1 /* WorldTrotter */;
			targetProxy = F45199981E81773A0018F9F1 /* PBXContainerItemProxy */;
		};
		F45199A41E81773A0018F9F1 /* PBXTargetDependency */ = {
			isa = PBXTargetDependency;
			target = F45199821E81773A0018F9F1 /* WorldTrotter */;
			targetProxy = F45199A31E81773A0018F9F1 /* PBXContainerItemProxy */;
		};
/* End PBXTargetDependency section */

/* Begin PBXVariantGroup section */
		F451998A1E81773A0018F9F1 /* Main.storyboard */ = {
			isa = PBXVariantGroup;
			children = (
				F451998B1E81773A0018F9F1 /* Base */,
			);
			name = Main.storyboard;
			sourceTree = "<group>";
		};
		F451998F1E81773A0018F9F1 /* LaunchScreen.storyboard */ = {
			isa = PBXVariantGroup;
			children = (
				F45199901E81773A0018F9F1 /* Base */,
			);
			name = LaunchScreen.storyboard;
			sourceTree = "<group>";
		};
/* End PBXVariantGroup section */

/* Begin XCBuildConfiguration section */
		F45199A91E81773A0018F9F1 /* Debug */ = {
			isa = XCBuildConfiguration;
			buildSettings = {
				ALWAYS_SEARCH_USER_PATHS = NO;
				CLANG_ANALYZER_NONNULL = YES;
				CLANG_CXX_LANGUAGE_STANDARD = "gnu++0x";
				CLANG_CXX_LIBRARY = "libc++";
				CLANG_ENABLE_MODULES = YES;
				CLANG_ENABLE_OBJC_ARC = YES;
				CLANG_WARN_BOOL_CONVERSION = YES;
				CLANG_WARN_CONSTANT_CONVERSION = YES;
				CLANG_WARN_DIRECT_OBJC_ISA_USAGE = YES_ERROR;
				CLANG_WARN_DOCUMENTATION_COMMENTS = YES;
				CLANG_WARN_EMPTY_BODY = YES;
				CLANG_WARN_ENUM_CONVERSION = YES;
				CLANG_WARN_INFINITE_RECURSION = YES;
				CLANG_WARN_INT_CONVERSION = YES;
				CLANG_WARN_OBJC_ROOT_CLASS = YES_ERROR;
				CLANG_WARN_SUSPICIOUS_MOVE = YES;
				CLANG_WARN_UNREACHABLE_CODE = YES;
				CLANG_WARN__DUPLICATE_METHOD_MATCH = YES;
				"CODE_SIGN_IDENTITY[sdk=iphoneos*]" = "iPhone Developer";
				COPY_PHASE_STRIP = NO;
				DEBUG_INFORMATION_FORMAT = dwarf;
				ENABLE_STRICT_OBJC_MSGSEND = YES;
				ENABLE_TESTABILITY = YES;
				GCC_C_LANGUAGE_STANDARD = gnu99;
				GCC_DYNAMIC_NO_PIC = NO;
				GCC_NO_COMMON_BLOCKS = YES;
				GCC_OPTIMIZATION_LEVEL = 0;
				GCC_PREPROCESSOR_DEFINITIONS = (
					"DEBUG=1",
					"$(inherited)",
				);
				GCC_WARN_64_TO_32_BIT_CONVERSION = YES;
				GCC_WARN_ABOUT_RETURN_TYPE = YES_ERROR;
				GCC_WARN_UNDECLARED_SELECTOR = YES;
				GCC_WARN_UNINITIALIZED_AUTOS = YES_AGGRESSIVE;
				GCC_WARN_UNUSED_FUNCTION = YES;
				GCC_WARN_UNUSED_VARIABLE = YES;
				IPHONEOS_DEPLOYMENT_TARGET = 10.2;
				MTL_ENABLE_DEBUG_INFO = YES;
				ONLY_ACTIVE_ARCH = YES;
				SDKROOT = iphoneos;
				SWIFT_ACTIVE_COMPILATION_CONDITIONS = DEBUG;
				SWIFT_OPTIMIZATION_LEVEL = "-Onone";
				TARGETED_DEVICE_FAMILY = "1,2";
			};
			name = Debug;
		};
		F45199AA1E81773A0018F9F1 /* Release */ = {
			isa = XCBuildConfiguration;
			buildSettings = {
				ALWAYS_SEARCH_USER_PATHS = NO;
				CLANG_ANALYZER_NONNULL = YES;
				CLANG_CXX_LANGUAGE_STANDARD = "gnu++0x";
				CLANG_CXX_LIBRARY = "libc++";
				CLANG_ENABLE_MODULES = YES;
				CLANG_ENABLE_OBJC_ARC = YES;
				CLANG_WARN_BOOL_CONVERSION = YES;
				CLANG_WARN_CONSTANT_CONVERSION = YES;
				CLANG_WARN_DIRECT_OBJC_ISA_USAGE = YES_ERROR;
				CLANG_WARN_DOCUMENTATION_COMMENTS = YES;
				CLANG_WARN_EMPTY_BODY = YES;
				CLANG_WARN_ENUM_CONVERSION = YES;
				CLANG_WARN_INFINITE_RECURSION = YES;
				CLANG_WARN_INT_CONVERSION = YES;
				CLANG_WARN_OBJC_ROOT_CLASS = YES_ERROR;
				CLANG_WARN_SUSPICIOUS_MOVE = YES;
				CLANG_WARN_UNREACHABLE_CODE = YES;
				CLANG_WARN__DUPLICATE_METHOD_MATCH = YES;
				"CODE_SIGN_IDENTITY[sdk=iphoneos*]" = "iPhone Developer";
				COPY_PHASE_STRIP = NO;
				DEBUG_INFORMATION_FORMAT = "dwarf-with-dsym";
				ENABLE_NS_ASSERTIONS = NO;
				ENABLE_STRICT_OBJC_MSGSEND = YES;
				GCC_C_LANGUAGE_STANDARD = gnu99;
				GCC_NO_COMMON_BLOCKS = YES;
				GCC_WARN_64_TO_32_BIT_CONVERSION = YES;
				GCC_WARN_ABOUT_RETURN_TYPE = YES_ERROR;
				GCC_WARN_UNDECLARED_SELECTOR = YES;
				GCC_WARN_UNINITIALIZED_AUTOS = YES_AGGRESSIVE;
				GCC_WARN_UNUSED_FUNCTION = YES;
				GCC_WARN_UNUSED_VARIABLE = YES;
				IPHONEOS_DEPLOYMENT_TARGET = 10.2;
				MTL_ENABLE_DEBUG_INFO = NO;
				SDKROOT = iphoneos;
				SWIFT_OPTIMIZATION_LEVEL = "-Owholemodule";
				TARGETED_DEVICE_FAMILY = "1,2";
				VALIDATE_PRODUCT = YES;
			};
			name = Release;
		};
		F45199AC1E81773A0018F9F1 /* Debug */ = {
			isa = XCBuildConfiguration;
			buildSettings = {
				ASSETCATALOG_COMPILER_APPICON_NAME = AppIcon;
				INFOPLIST_FILE = WorldTrotter/Info.plist;
				LD_RUNPATH_SEARCH_PATHS = "$(inherited) @executable_path/Frameworks";
				PRODUCT_BUNDLE_IDENTIFIER = org.szi.WorldTrotter;
				PRODUCT_NAME = "$(TARGET_NAME)";
				SWIFT_VERSION = 3.0;
			};
			name = Debug;
		};
		F45199AD1E81773A0018F9F1 /* Release */ = {
			isa = XCBuildConfiguration;
			buildSettings = {
				ASSETCATALOG_COMPILER_APPICON_NAME = AppIcon;
				INFOPLIST_FILE = WorldTrotter/Info.plist;
				LD_RUNPATH_SEARCH_PATHS = "$(inherited) @executable_path/Frameworks";
				PRODUCT_BUNDLE_IDENTIFIER = org.szi.WorldTrotter;
				PRODUCT_NAME = "$(TARGET_NAME)";
				SWIFT_VERSION = 3.0;
			};
			name = Release;
		};
		F45199AF1E81773A0018F9F1 /* Debug */ = {
			isa = XCBuildConfiguration;
			buildSettings = {
				ALWAYS_EMBED_SWIFT_STANDARD_LIBRARIES = YES;
				BUNDLE_LOADER = "$(TEST_HOST)";
				INFOPLIST_FILE = WorldTrotterTests/Info.plist;
				LD_RUNPATH_SEARCH_PATHS = "$(inherited) @executable_path/Frameworks @loader_path/Frameworks";
				PRODUCT_BUNDLE_IDENTIFIER = org.szi.WorldTrotterTests;
				PRODUCT_NAME = "$(TARGET_NAME)";
				SWIFT_VERSION = 3.0;
				TEST_HOST = "$(BUILT_PRODUCTS_DIR)/WorldTrotter.app/WorldTrotter";
			};
			name = Debug;
		};
		F45199B01E81773A0018F9F1 /* Release */ = {
			isa = XCBuildConfiguration;
			buildSettings = {
				ALWAYS_EMBED_SWIFT_STANDARD_LIBRARIES = YES;
				BUNDLE_LOADER = "$(TEST_HOST)";
				INFOPLIST_FILE = WorldTrotterTests/Info.plist;
				LD_RUNPATH_SEARCH_PATHS = "$(inherited) @executable_path/Frameworks @loader_path/Frameworks";
				PRODUCT_BUNDLE_IDENTIFIER = org.szi.WorldTrotterTests;
				PRODUCT_NAME = "$(TARGET_NAME)";
				SWIFT_VERSION = 3.0;
				TEST_HOST = "$(BUILT_PRODUCTS_DIR)/WorldTrotter.app/WorldTrotter";
			};
			name = Release;
		};
		F45199B21E81773A0018F9F1 /* Debug */ = {
			isa = XCBuildConfiguration;
			buildSettings = {
				ALWAYS_EMBED_SWIFT_STANDARD_LIBRARIES = YES;
				INFOPLIST_FILE = WorldTrotterUITests/Info.plist;
				LD_RUNPATH_SEARCH_PATHS = "$(inherited) @executable_path/Frameworks @loader_path/Frameworks";
				PRODUCT_BUNDLE_IDENTIFIER = org.szi.WorldTrotterUITests;
				PRODUCT_NAME = "$(TARGET_NAME)";
				SWIFT_VERSION = 3.0;
				TEST_TARGET_NAME = WorldTrotter;
			};
			name = Debug;
		};
		F45199B31E81773A0018F9F1 /* Release */ = {
			isa = XCBuildConfiguration;
			buildSettings = {
				ALWAYS_EMBED_SWIFT_STANDARD_LIBRARIES = YES;
				INFOPLIST_FILE = WorldTrotterUITests/Info.plist;
				LD_RUNPATH_SEARCH_PATHS = "$(inherited) @executable_path/Frameworks @loader_path/Frameworks";
				PRODUCT_BUNDLE_IDENTIFIER = org.szi.WorldTrotterUITests;
				PRODUCT_NAME = "$(TARGET_NAME)";
				SWIFT_VERSION = 3.0;
				TEST_TARGET_NAME = WorldTrotter;
			};
			name = Release;
		};
/* End XCBuildConfiguration section */

/* Begin XCConfigurationList section */
		F451997E1E81773A0018F9F1 /* Build configuration list for PBXProject "WorldTrotter" */ = {
			isa = XCConfigurationList;
			buildConfigurations = (
				F45199A91E81773A0018F9F1 /* Debug */,
				F45199AA1E81773A0018F9F1 /* Release */,
			);
			defaultConfigurationIsVisible = 0;
			defaultConfigurationName = Release;
		};
		F45199AB1E81773A0018F9F1 /* Build configuration list for PBXNativeTarget "WorldTrotter" */ = {
			isa = XCConfigurationList;
			buildConfigurations = (
				F45199AC1E81773A0018F9F1 /* Debug */,
				F45199AD1E81773A0018F9F1 /* Release */,
			);
			defaultConfigurationIsVisible = 0;
			defaultConfigurationName = Release;
		};
		F45199AE1E81773A0018F9F1 /* Build configuration list for PBXNativeTarget "WorldTrotterTests" */ = {
			isa = XCConfigurationList;
			buildConfigurations = (
				F45199AF1E81773A0018F9F1 /* Debug */,
				F45199B01E81773A0018F9F1 /* Release */,
			);
			defaultConfigurationIsVisible = 0;
			defaultConfigurationName = Release;
		};
		F45199B11E81773A0018F9F1 /* Build configuration list for PBXNativeTarget "WorldTrotterUITests" */ = {
			isa = XCConfigurationList;
			buildConfigurations = (
				F45199B21E81773A0018F9F1 /* Debug */,
				F45199B31E81773A0018F9F1 /* Release */,
			);
			defaultConfigurationIsVisible = 0;
			defaultConfigurationName = Release;
		};
/* End XCConfigurationList section */
	};
	rootObject = F451997B1E81773A0018F9F1 /* Project object */;
}
